{
  "name": "restic-frontend",
  "version": "0.1.0",
  "lockfileVersion": 1,
  "requires": true,
  "dependencies": {
    "@adobe/lit-mobx": {
      "version": "2.0.0",
      "resolved": "https://registry.npmjs.org/@adobe/lit-mobx/-/lit-mobx-2.0.0.tgz",
      "integrity": "sha512-5uSN9vV8XrLAxLxlmZHb1z2eSD5aqxdrWu6GtidtOVyvDDEw6ry1FPXH9J3/N/bFA0Yo7ciXtu9WMYpWpQnYNg=="
    },
    "@lit/reactive-element": {
      "version": "1.3.2",
      "resolved": "https://registry.npmjs.org/@lit/reactive-element/-/reactive-element-1.3.2.tgz",
      "integrity": "sha512-A2e18XzPMrIh35nhIdE4uoqRzoIpEU5vZYuQN4S3Ee1zkGdYC27DP12pewbw/RLgPHzaE4kx/YqxMzebOpm0dA=="
    },
    "@open-wc/dedupe-mixin": {
      "version": "1.3.1",
      "resolved": "https://registry.npmjs.org/@open-wc/dedupe-mixin/-/dedupe-mixin-1.3.1.tgz",
      "integrity": "sha512-ukowSvzpZQDUH0Y3znJTsY88HkiGk3Khc0WGpIPhap1xlerieYi27QBg6wx/nTurpWfU6XXXsx9ocxDYCdtw0Q=="
    },
    "@polymer/iron-flex-layout": {
      "version": "3.0.1",
      "resolved": "https://registry.npmjs.org/@polymer/iron-flex-layout/-/iron-flex-layout-3.0.1.tgz",
      "integrity": "sha512-7gB869czArF+HZcPTVSgvA7tXYFze9EKckvM95NB7SqYF+NnsQyhoXgKnpFwGyo95lUjUW9TFDLUwDXnCYFtkw==",
      "requires": {
        "@polymer/polymer": "^3.0.0"
      }
    },
    "@polymer/iron-icon": {
      "version": "3.0.1",
      "resolved": "https://registry.npmjs.org/@polymer/iron-icon/-/iron-icon-3.0.1.tgz",
      "integrity": "sha512-QLPwirk+UPZNaLnMew9VludXA4CWUCenRewgEcGYwdzVgDPCDbXxy6vRJjmweZobMQv/oVLppT2JZtJFnPxX6g==",
      "requires": {
        "@polymer/iron-flex-layout": "^3.0.0-pre.26",
        "@polymer/iron-meta": "^3.0.0-pre.26",
        "@polymer/polymer": "^3.0.0"
      }
    },
    "@polymer/iron-iconset-svg": {
      "version": "3.0.1",
      "resolved": "https://registry.npmjs.org/@polymer/iron-iconset-svg/-/iron-iconset-svg-3.0.1.tgz",
      "integrity": "sha512-XNwURbNHRw6u2fJe05O5fMYye6GSgDlDqCO+q6K1zAnKIrpgZwf2vTkBd5uCcZwsN0FyCB3mvNZx4jkh85dRDw==",
      "requires": {
        "@polymer/iron-meta": "^3.0.0-pre.26",
        "@polymer/polymer": "^3.0.0"
      }
    },
    "@polymer/iron-meta": {
      "version": "3.0.1",
      "resolved": "https://registry.npmjs.org/@polymer/iron-meta/-/iron-meta-3.0.1.tgz",
      "integrity": "sha512-pWguPugiLYmWFV9UWxLWzZ6gm4wBwQdDy4VULKwdHCqR7OP7u98h+XDdGZsSlDPv6qoryV/e3tGHlTIT0mbzJA==",
      "requires": {
        "@polymer/polymer": "^3.0.0"
      }
    },
    "@polymer/polymer": {
      "version": "3.5.1",
      "resolved": "https://registry.npmjs.org/@polymer/polymer/-/polymer-3.5.1.tgz",
      "integrity": "sha512-JlAHuy+1qIC6hL1ojEUfIVD58fzTpJAoCxFwV5yr0mYTXV1H8bz5zy0+rC963Cgr9iNXQ4T9ncSjC2fkF9BQfw==",
      "requires": {
        "@webcomponents/shadycss": "^1.9.1"
      }
    },
    "@types/trusted-types": {
      "version": "2.0.2",
      "resolved": "https://registry.npmjs.org/@types/trusted-types/-/trusted-types-2.0.2.tgz",
      "integrity": "sha512-F5DIZ36YVLE+PN+Zwws4kJogq47hNgX3Nx6WyDJ3kcplxyke3XIzB8uK5n/Lpm1HBsbGzd6nmGehL8cPekP+Tg=="
    },
    "@vaadin/button": {
      "version": "23.1.2",
      "resolved": "https://registry.npmjs.org/@vaadin/button/-/button-23.1.2.tgz",
      "integrity": "sha512-S9Ok67V0nCSlzKh1UVpx+OXZDDxqZvMsxlhDVJqAmPIy/f6eRAX2Jubw8YATOJSZTlbAylbM3WoPICIOGZLOjQ==",
      "requires": {
        "@open-wc/dedupe-mixin": "^1.3.0",
        "@polymer/polymer": "^3.0.0",
        "@vaadin/component-base": "^23.1.2",
        "@vaadin/vaadin-lumo-styles": "^23.1.2",
        "@vaadin/vaadin-material-styles": "^23.1.2",
        "@vaadin/vaadin-themable-mixin": "^23.1.2"
      }
    },
    "@vaadin/checkbox": {
      "version": "23.1.2",
      "resolved": "https://registry.npmjs.org/@vaadin/checkbox/-/checkbox-23.1.2.tgz",
      "integrity": "sha512-MEd7y+MM1+48yDF8LG7ynUUkU0xZe01+hB6qDP0atmgOJzCqs+keo4GappWfkGDaDVYB9HzPx8Jwcz8OAlpTSA==",
      "requires": {
        "@polymer/polymer": "^3.0.0",
        "@vaadin/component-base": "^23.1.2",
        "@vaadin/field-base": "^23.1.2",
        "@vaadin/vaadin-lumo-styles": "^23.1.2",
        "@vaadin/vaadin-material-styles": "^23.1.2",
        "@vaadin/vaadin-themable-mixin": "^23.1.2"
      }
    },
    "@vaadin/component-base": {
      "version": "23.1.2",
      "resolved": "https://registry.npmjs.org/@vaadin/component-base/-/component-base-23.1.2.tgz",
      "integrity": "sha512-HIGieSV34/ISeausCmvEEtG0lqPQ4Ugeg4mVXrJ8a0IAoH/JcBRbQ7HzQ4hNQCD+QKidy+++zyMzX52rEzhx5g==",
      "requires": {
        "@open-wc/dedupe-mixin": "^1.3.0",
        "@polymer/polymer": "^3.0.0",
        "@vaadin/vaadin-development-mode-detector": "^2.0.0",
        "@vaadin/vaadin-usage-statistics": "^2.1.0",
        "lit": "^2.0.0"
      }
    },
    "@vaadin/dialog": {
      "version": "23.1.2",
      "resolved": "https://registry.npmjs.org/@vaadin/dialog/-/dialog-23.1.2.tgz",
      "integrity": "sha512-r8KA7HD/TshCkeoiLD3qA/VryeIOZjDCx/v36zs2ucFvNQU4f7DG98AteluIyW/W+jTaJcDwYXDU5Uur9I/+XA==",
      "requires": {
        "@open-wc/dedupe-mixin": "^1.3.0",
        "@polymer/polymer": "^3.0.0",
        "@vaadin/component-base": "^23.1.2",
        "@vaadin/lit-renderer": "^23.1.2",
        "@vaadin/vaadin-lumo-styles": "^23.1.2",
        "@vaadin/vaadin-material-styles": "^23.1.2",
        "@vaadin/vaadin-overlay": "^23.1.2",
        "@vaadin/vaadin-themable-mixin": "^23.1.2"
      }
    },
    "@vaadin/field-base": {
      "version": "23.1.2",
      "resolved": "https://registry.npmjs.org/@vaadin/field-base/-/field-base-23.1.2.tgz",
      "integrity": "sha512-Iwb1rTkLI8wUbwI5QfWSJ8Tes8dTQejIBgLDss8EHVky+Z4iMghSQ8BP4J4nu8uAWneDzDWt8mv/mEJ7gAXgoA==",
      "requires": {
        "@open-wc/dedupe-mixin": "^1.3.0",
        "@polymer/polymer": "^3.0.0",
        "@vaadin/component-base": "^23.1.2",
        "lit": "^2.0.0"
      }
    },
    "@vaadin/grid": {
      "version": "23.1.2",
      "resolved": "https://registry.npmjs.org/@vaadin/grid/-/grid-23.1.2.tgz",
      "integrity": "sha512-M0Vie1HdDI05HYhFkIWIlpmTDQ1SA7vyBSxHoUyULoWGWi1Jqg73PkPcRnYRnQnTYaCzAbj5AzdH/UnTiaeYzQ==",
      "requires": {
        "@open-wc/dedupe-mixin": "^1.3.0",
        "@polymer/polymer": "^3.0.0",
        "@vaadin/checkbox": "^23.1.2",
        "@vaadin/component-base": "^23.1.2",
        "@vaadin/lit-renderer": "^23.1.2",
        "@vaadin/text-field": "^23.1.2",
        "@vaadin/vaadin-lumo-styles": "^23.1.2",
        "@vaadin/vaadin-material-styles": "^23.1.2",
        "@vaadin/vaadin-themable-mixin": "^23.1.2"
      }
    },
    "@vaadin/horizontal-layout": {
      "version": "23.1.2",
      "resolved": "https://registry.npmjs.org/@vaadin/horizontal-layout/-/horizontal-layout-23.1.2.tgz",
      "integrity": "sha512-SkCxbqwnM3gpQMVIHtAh8pK2nV+1xSBCUSHXnVr+ShUvL1BgFnBCGZ4ejvV9uKVib7JBX8lc+rteRP3GTvTwww==",
      "requires": {
        "@polymer/polymer": "^3.0.0",
        "@vaadin/component-base": "^23.1.2",
        "@vaadin/vaadin-lumo-styles": "^23.1.2",
        "@vaadin/vaadin-material-styles": "^23.1.2",
        "@vaadin/vaadin-themable-mixin": "^23.1.2"
      }
    },
    "@vaadin/icon": {
      "version": "23.1.2",
      "resolved": "https://registry.npmjs.org/@vaadin/icon/-/icon-23.1.2.tgz",
      "integrity": "sha512-aLPkSfHvwOw8kLPM7yNyQwrsHN3J4pLLyYi7jwFw6TwKAn/rI7+RSf3w/LsBU5r17WfLoyPbI84T1rgla/3oEA==",
      "requires": {
        "@polymer/polymer": "^3.0.0",
        "@vaadin/component-base": "^23.1.2",
        "@vaadin/vaadin-lumo-styles": "^23.1.2",
        "@vaadin/vaadin-themable-mixin": "^23.1.2",
        "lit": "^2.0.0"
      }
    },
    "@vaadin/icons": {
      "version": "23.1.2",
      "resolved": "https://registry.npmjs.org/@vaadin/icons/-/icons-23.1.2.tgz",
      "integrity": "sha512-QKRrXLWhnHS2HRManl5J0Geze0M9ymCluESyEhfgKDFZg4YBpkmu5V7i494CYE/z8MmnnJFX26GEbOpVbfCSwA==",
      "requires": {
        "@polymer/iron-icon": "^3.0.0",
        "@polymer/iron-iconset-svg": "^3.0.0",
        "@polymer/polymer": "^3.0.0",
        "@vaadin/icon": "^23.1.2"
      }
    },
    "@vaadin/input-container": {
      "version": "23.1.2",
      "resolved": "https://registry.npmjs.org/@vaadin/input-container/-/input-container-23.1.2.tgz",
      "integrity": "sha512-mK1IryZg6LKoO6voG29mxJ/opzQ9vaW1dFQx1Gt0KCWlth63+iexmwUXEX6eN2wgVwQGTcV/ZkPFlJtUUatWGg==",
      "requires": {
        "@polymer/polymer": "^3.0.0",
        "@vaadin/component-base": "^23.1.2",
        "@vaadin/vaadin-lumo-styles": "^23.1.2",
        "@vaadin/vaadin-material-styles": "^23.1.2",
        "@vaadin/vaadin-themable-mixin": "^23.1.2"
      }
    },
    "@vaadin/lit-renderer": {
      "version": "23.1.2",
      "resolved": "https://registry.npmjs.org/@vaadin/lit-renderer/-/lit-renderer-23.1.2.tgz",
      "integrity": "sha512-RwWpfwJfATXRvbnbkSWVTXLVuO2SjNSfM+00zMA7emZCfHVnBKBFiY2EuHpWAcR4ZLLeIGTwzHJLItfPPtVYHA==",
      "requires": {
        "lit": "^2.0.0"
      }
    },
    "@vaadin/password-field": {
      "version": "23.1.2",
      "resolved": "https://registry.npmjs.org/@vaadin/password-field/-/password-field-23.1.2.tgz",
      "integrity": "sha512-jAw87n1Lq7kPGnXR27qahiSW51qyyuqg4A0OzAsstvtMwy24pVkeprIerTZtRtlbzkqvEfB1SLINhkutuBSiZg==",
      "requires": {
        "@polymer/polymer": "^3.0.0",
        "@vaadin/button": "^23.1.2",
        "@vaadin/text-field": "^23.1.2",
        "@vaadin/vaadin-lumo-styles": "^23.1.2",
        "@vaadin/vaadin-material-styles": "^23.1.2"
      }
    },
    "@vaadin/split-layout": {
      "version": "23.1.2",
      "resolved": "https://registry.npmjs.org/@vaadin/split-layout/-/split-layout-23.1.2.tgz",
      "integrity": "sha512-d5QTEZ/dnvqr2MpNCJTiPzy2bWVWBoX0UciZ2CEVw4ZHkDEE2E5kAF3lVxqqbD4gsA9TlstrimRqONPW83okgQ==",
      "requires": {
        "@polymer/polymer": "^3.0.0",
        "@vaadin/component-base": "^23.1.2",
        "@vaadin/vaadin-lumo-styles": "^23.1.2",
        "@vaadin/vaadin-material-styles": "^23.1.2",
        "@vaadin/vaadin-themable-mixin": "^23.1.2"
      }
    },
    "@vaadin/text-field": {
      "version": "23.1.2",
      "resolved": "https://registry.npmjs.org/@vaadin/text-field/-/text-field-23.1.2.tgz",
      "integrity": "sha512-PKXbUyQAlDoUnxARtWeIfwTZiO52d6p4GYpPU2pualon69nPi3sej3K4PQTuPB9Ve3VCVcKl+th0lxrimdBk2A==",
      "requires": {
        "@polymer/polymer": "^3.0.0",
        "@vaadin/component-base": "^23.1.2",
        "@vaadin/field-base": "^23.1.2",
        "@vaadin/input-container": "^23.1.2",
        "@vaadin/vaadin-lumo-styles": "^23.1.2",
        "@vaadin/vaadin-material-styles": "^23.1.2",
        "@vaadin/vaadin-themable-mixin": "^23.1.2"
      }
    },
    "@vaadin/vaadin-development-mode-detector": {
      "version": "2.0.5",
      "resolved": "https://registry.npmjs.org/@vaadin/vaadin-development-mode-detector/-/vaadin-development-mode-detector-2.0.5.tgz",
      "integrity": "sha512-miirBQw10UHjKwRv29iZniXCo41cLg3wFotoyTeUZ2PTGIDk/fZVFr4Q4WVKZrp3D15878vz94nNQROSmPLjdg=="
    },
    "@vaadin/vaadin-lumo-styles": {
      "version": "23.1.2",
      "resolved": "https://registry.npmjs.org/@vaadin/vaadin-lumo-styles/-/vaadin-lumo-styles-23.1.2.tgz",
      "integrity": "sha512-NdFONK1X5Vw9danvINgBv5n/z9LQRuVYFwCfdzW8zLwYKre9G7oqDf9euYjkuGDNanWTAXgIzXJCiiekAjTljg==",
      "requires": {
        "@polymer/iron-icon": "^3.0.0",
        "@polymer/iron-iconset-svg": "^3.0.0",
        "@polymer/polymer": "^3.0.0",
        "@vaadin/icon": "^23.1.2",
        "@vaadin/vaadin-themable-mixin": "^23.1.2"
      }
    },
    "@vaadin/vaadin-material-styles": {
      "version": "23.1.2",
      "resolved": "https://registry.npmjs.org/@vaadin/vaadin-material-styles/-/vaadin-material-styles-23.1.2.tgz",
      "integrity": "sha512-dWzgY2ZsiVKOWL5fnu8UVgsK74BWNTJIelsv8kVedvyvljDeTU6eWXu8G+bldlBLgD9RdXzKJGye9BkE+/xx8Q==",
      "requires": {
        "@polymer/polymer": "^3.0.0",
        "@vaadin/vaadin-themable-mixin": "^23.1.2"
      }
    },
    "@vaadin/vaadin-overlay": {
      "version": "23.1.2",
      "resolved": "https://registry.npmjs.org/@vaadin/vaadin-overlay/-/vaadin-overlay-23.1.2.tgz",
      "integrity": "sha512-GjIoB3bVIZfdrzhJqXrAc8hWr1MeUksjqtS/GZRUg5uRiwQPkiyiYJPpL3oqzTDJZCcFkO5oIsmgs7hY2saIjQ==",
      "requires": {
        "@polymer/polymer": "^3.0.0",
        "@vaadin/component-base": "^23.1.2",
        "@vaadin/vaadin-lumo-styles": "^23.1.2",
        "@vaadin/vaadin-material-styles": "^23.1.2",
        "@vaadin/vaadin-themable-mixin": "^23.1.2"
      }
    },
    "@vaadin/vaadin-themable-mixin": {
      "version": "23.1.2",
      "resolved": "https://registry.npmjs.org/@vaadin/vaadin-themable-mixin/-/vaadin-themable-mixin-23.1.2.tgz",
      "integrity": "sha512-3xTMKyGpdzXwRwIoD940KvxbHaapn7ZZzeGl63RaH+G+jL0of0ejEbE/m0KxmI3r8E2pCiwU6kdUCtPgMazYnw==",
      "requires": {
        "@open-wc/dedupe-mixin": "^1.3.0",
        "lit": "^2.0.0"
      }
    },
    "@vaadin/vaadin-usage-statistics": {
      "version": "2.1.2",
      "resolved": "https://registry.npmjs.org/@vaadin/vaadin-usage-statistics/-/vaadin-usage-statistics-2.1.2.tgz",
      "integrity": "sha512-xKs1PvRfTXsG0eWWcImLXWjv7D+f1vfoIvovppv6pZ5QX8xgcxWUdNgERlOOdGt3CTuxQXukTBW3+Qfva+OXSg==",
      "requires": {
        "@vaadin/vaadin-development-mode-detector": "^2.0.0"
      }
    },
    "@vaadin/vertical-layout": {
      "version": "23.1.2",
      "resolved": "https://registry.npmjs.org/@vaadin/vertical-layout/-/vertical-layout-23.1.2.tgz",
      "integrity": "sha512-x0Qn16CaHDiuUgUoFY1ts6gm+FU1CzBH5rZ2ePhFQGb1Jwu4IbJDpAXKCdQqbQ4QfD3Tv6+ceLc0wdph2+tMPw==",
      "requires": {
        "@polymer/polymer": "^3.0.0",
        "@vaadin/component-base": "^23.1.2",
        "@vaadin/vaadin-lumo-styles": "^23.1.2",
        "@vaadin/vaadin-material-styles": "^23.1.2",
        "@vaadin/vaadin-themable-mixin": "^23.1.2"
      }
    },
    "@webcomponents/shadycss": {
      "version": "1.11.0",
      "resolved": "https://registry.npmjs.org/@webcomponents/shadycss/-/shadycss-1.11.0.tgz",
      "integrity": "sha512-L5O/+UPum8erOleNjKq6k58GVl3fNsEQdSOyh0EUhNmi7tHUyRuCJy1uqJiWydWcLARE5IPsMoPYMZmUGrz1JA=="
    },
    "esbuild": {
      "version": "0.14.47",
      "resolved": "https://registry.npmjs.org/esbuild/-/esbuild-0.14.47.tgz",
      "integrity": "sha512-wI4ZiIfFxpkuxB8ju4MHrGwGLyp1+awEHAHVpx6w7a+1pmYIq8T9FGEVVwFo0iFierDoMj++Xq69GXWYn2EiwA==",
      "dev": true,
      "requires": {
        "esbuild-android-64": "0.14.47",
        "esbuild-android-arm64": "0.14.47",
        "esbuild-darwin-64": "0.14.47",
        "esbuild-darwin-arm64": "0.14.47",
        "esbuild-freebsd-64": "0.14.47",
        "esbuild-freebsd-arm64": "0.14.47",
        "esbuild-linux-32": "0.14.47",
        "esbuild-linux-64": "0.14.47",
        "esbuild-linux-arm": "0.14.47",
        "esbuild-linux-arm64": "0.14.47",
        "esbuild-linux-mips64le": "0.14.47",
        "esbuild-linux-ppc64le": "0.14.47",
        "esbuild-linux-riscv64": "0.14.47",
        "esbuild-linux-s390x": "0.14.47",
        "esbuild-netbsd-64": "0.14.47",
        "esbuild-openbsd-64": "0.14.47",
        "esbuild-sunos-64": "0.14.47",
        "esbuild-windows-32": "0.14.47",
        "esbuild-windows-64": "0.14.47",
        "esbuild-windows-arm64": "0.14.47"
      }
    },
    "esbuild-android-64": {
      "version": "0.14.47",
      "resolved": "https://registry.npmjs.org/esbuild-android-64/-/esbuild-android-64-0.14.47.tgz",
      "integrity": "sha512-R13Bd9+tqLVFndncMHssZrPWe6/0Kpv2/dt4aA69soX4PRxlzsVpCvoJeFE8sOEoeVEiBkI0myjlkDodXlHa0g==",
      "dev": true,
      "optional": true
    },
    "esbuild-android-arm64": {
      "version": "0.14.47",
      "resolved": "https://registry.npmjs.org/esbuild-android-arm64/-/esbuild-android-arm64-0.14.47.tgz",
      "integrity": "sha512-OkwOjj7ts4lBp/TL6hdd8HftIzOy/pdtbrNA4+0oVWgGG64HrdVzAF5gxtJufAPOsEjkyh1oIYvKAUinKKQRSQ==",
      "dev": true,
      "optional": true
    },
    "esbuild-darwin-64": {
      "version": "0.14.47",
      "resolved": "https://registry.npmjs.org/esbuild-darwin-64/-/esbuild-darwin-64-0.14.47.tgz",
      "integrity": "sha512-R6oaW0y5/u6Eccti/TS6c/2c1xYTb1izwK3gajJwi4vIfNs1s8B1dQzI1UiC9T61YovOQVuePDcfqHLT3mUZJA==",
      "dev": true,
      "optional": true
    },
    "esbuild-darwin-arm64": {
      "version": "0.14.47",
      "resolved": "https://registry.npmjs.org/esbuild-darwin-arm64/-/esbuild-darwin-arm64-0.14.47.tgz",
      "integrity": "sha512-seCmearlQyvdvM/noz1L9+qblC5vcBrhUaOoLEDDoLInF/VQ9IkobGiLlyTPYP5dW1YD4LXhtBgOyevoIHGGnw==",
      "dev": true,
      "optional": true
    },
    "esbuild-freebsd-64": {
      "version": "0.14.47",
      "resolved": "https://registry.npmjs.org/esbuild-freebsd-64/-/esbuild-freebsd-64-0.14.47.tgz",
      "integrity": "sha512-ZH8K2Q8/Ux5kXXvQMDsJcxvkIwut69KVrYQhza/ptkW50DC089bCVrJZZ3sKzIoOx+YPTrmsZvqeZERjyYrlvQ==",
      "dev": true,
      "optional": true
    },
    "esbuild-freebsd-arm64": {
      "version": "0.14.47",
      "resolved": "https://registry.npmjs.org/esbuild-freebsd-arm64/-/esbuild-freebsd-arm64-0.14.47.tgz",
      "integrity": "sha512-ZJMQAJQsIOhn3XTm7MPQfCzEu5b9STNC+s90zMWe2afy9EwnHV7Ov7ohEMv2lyWlc2pjqLW8QJnz2r0KZmeAEQ==",
      "dev": true,
      "optional": true
    },
    "esbuild-linux-32": {
      "version": "0.14.47",
      "resolved": "https://registry.npmjs.org/esbuild-linux-32/-/esbuild-linux-32-0.14.47.tgz",
      "integrity": "sha512-FxZOCKoEDPRYvq300lsWCTv1kcHgiiZfNrPtEhFAiqD7QZaXrad8LxyJ8fXGcWzIFzRiYZVtB3ttvITBvAFhKw==",
      "dev": true,
      "optional": true
    },
    "esbuild-linux-64": {
      "version": "0.14.47",
      "resolved": "https://registry.npmjs.org/esbuild-linux-64/-/esbuild-linux-64-0.14.47.tgz",
      "integrity": "sha512-nFNOk9vWVfvWYF9YNYksZptgQAdstnDCMtR6m42l5Wfugbzu11VpMCY9XrD4yFxvPo9zmzcoUL/88y0lfJZJJw==",
      "dev": true,
      "optional": true
    },
    "esbuild-linux-arm": {
      "version": "0.14.47",
      "resolved": "https://registry.npmjs.org/esbuild-linux-arm/-/esbuild-linux-arm-0.14.47.tgz",
      "integrity": "sha512-ZGE1Bqg/gPRXrBpgpvH81tQHpiaGxa8c9Rx/XOylkIl2ypLuOcawXEAo8ls+5DFCcRGt/o3sV+PzpAFZobOsmA==",
      "dev": true,
      "optional": true
    },
    "esbuild-linux-arm64": {
      "version": "0.14.47",
      "resolved": "https://registry.npmjs.org/esbuild-linux-arm64/-/esbuild-linux-arm64-0.14.47.tgz",
      "integrity": "sha512-ywfme6HVrhWcevzmsufjd4iT3PxTfCX9HOdxA7Hd+/ZM23Y9nXeb+vG6AyA6jgq/JovkcqRHcL9XwRNpWG6XRw==",
      "dev": true,
      "optional": true
    },
    "esbuild-linux-mips64le": {
      "version": "0.14.47",
      "resolved": "https://registry.npmjs.org/esbuild-linux-mips64le/-/esbuild-linux-mips64le-0.14.47.tgz",
      "integrity": "sha512-mg3D8YndZ1LvUiEdDYR3OsmeyAew4MA/dvaEJxvyygahWmpv1SlEEnhEZlhPokjsUMfRagzsEF/d/2XF+kTQGg==",
      "dev": true,
      "optional": true
    },
    "esbuild-linux-ppc64le": {
      "version": "0.14.47",
      "resolved": "https://registry.npmjs.org/esbuild-linux-ppc64le/-/esbuild-linux-ppc64le-0.14.47.tgz",
      "integrity": "sha512-WER+f3+szmnZiWoK6AsrTKGoJoErG2LlauSmk73LEZFQ/iWC+KhhDsOkn1xBUpzXWsxN9THmQFltLoaFEH8F8w==",
      "dev": true,
      "optional": true
    },
    "esbuild-linux-riscv64": {
      "version": "0.14.47",
      "resolved": "https://registry.npmjs.org/esbuild-linux-riscv64/-/esbuild-linux-riscv64-0.14.47.tgz",
      "integrity": "sha512-1fI6bP3A3rvI9BsaaXbMoaOjLE3lVkJtLxsgLHqlBhLlBVY7UqffWBvkrX/9zfPhhVMd9ZRFiaqXnB1T7BsL2g==",
      "dev": true,
      "optional": true
    },
    "esbuild-linux-s390x": {
      "version": "0.14.47",
      "resolved": "https://registry.npmjs.org/esbuild-linux-s390x/-/esbuild-linux-s390x-0.14.47.tgz",
      "integrity": "sha512-eZrWzy0xFAhki1CWRGnhsHVz7IlSKX6yT2tj2Eg8lhAwlRE5E96Hsb0M1mPSE1dHGpt1QVwwVivXIAacF/G6mw==",
      "dev": true,
      "optional": true
    },
    "esbuild-netbsd-64": {
      "version": "0.14.47",
      "resolved": "https://registry.npmjs.org/esbuild-netbsd-64/-/esbuild-netbsd-64-0.14.47.tgz",
      "integrity": "sha512-Qjdjr+KQQVH5Q2Q1r6HBYswFTToPpss3gqCiSw2Fpq/ua8+eXSQyAMG+UvULPqXceOwpnPo4smyZyHdlkcPppQ==",
      "dev": true,
      "optional": true
    },
    "esbuild-openbsd-64": {
      "version": "0.14.47",
      "resolved": "https://registry.npmjs.org/esbuild-openbsd-64/-/esbuild-openbsd-64-0.14.47.tgz",
      "integrity": "sha512-QpgN8ofL7B9z8g5zZqJE+eFvD1LehRlxr25PBkjyyasakm4599iroUpaj96rdqRlO2ShuyqwJdr+oNqWwTUmQw==",
      "dev": true,
      "optional": true
    },
    "esbuild-sunos-64": {
      "version": "0.14.47",
      "resolved": "https://registry.npmjs.org/esbuild-sunos-64/-/esbuild-sunos-64-0.14.47.tgz",
      "integrity": "sha512-uOeSgLUwukLioAJOiGYm3kNl+1wJjgJA8R671GYgcPgCx7QR73zfvYqXFFcIO93/nBdIbt5hd8RItqbbf3HtAQ==",
      "dev": true,
      "optional": true
    },
    "esbuild-windows-32": {
      "version": "0.14.47",
      "resolved": "https://registry.npmjs.org/esbuild-windows-32/-/esbuild-windows-32-0.14.47.tgz",
      "integrity": "sha512-H0fWsLTp2WBfKLBgwYT4OTfFly4Im/8B5f3ojDv1Kx//kiubVY0IQunP2Koc/fr/0wI7hj3IiBDbSrmKlrNgLQ==",
      "dev": true,
      "optional": true
    },
    "esbuild-windows-64": {
      "version": "0.14.47",
      "resolved": "https://registry.npmjs.org/esbuild-windows-64/-/esbuild-windows-64-0.14.47.tgz",
      "integrity": "sha512-/Pk5jIEH34T68r8PweKRi77W49KwanZ8X6lr3vDAtOlH5EumPE4pBHqkCUdELanvsT14yMXLQ/C/8XPi1pAtkQ==",
      "dev": true,
      "optional": true
    },
    "esbuild-windows-arm64": {
      "version": "0.14.47",
      "resolved": "https://registry.npmjs.org/esbuild-windows-arm64/-/esbuild-windows-arm64-0.14.47.tgz",
      "integrity": "sha512-HFSW2lnp62fl86/qPQlqw6asIwCnEsEoNIL1h2uVMgakddf+vUuMcCbtUY1i8sst7KkgHrVKCJQB33YhhOweCQ==",
      "dev": true,
      "optional": true
    },
    "fsevents": {
      "version": "2.3.2",
      "resolved": "https://registry.npmjs.org/fsevents/-/fsevents-2.3.2.tgz",
      "integrity": "sha512-xiqMQR4xAeHTuB9uWm+fFRcIOgKBMiOBP+eXiyT7jsgVCq1bkVygt00oASowB7EdtpOHaaPgKt812P9ab+DDKA==",
      "dev": true,
      "optional": true
    },
    "function-bind": {
      "version": "1.1.1",
      "resolved": "https://registry.npmjs.org/function-bind/-/function-bind-1.1.1.tgz",
      "integrity": "sha512-yIovAzMX49sF8Yl58fSCWJ5svSLuaibPxXQJFLmBObTuCr0Mf1KiPopGM9NiFjiYBCbfaa2Fh6breQ6ANVTI0A==",
      "dev": true
    },
    "has": {
      "version": "1.0.3",
      "resolved": "https://registry.npmjs.org/has/-/has-1.0.3.tgz",
      "integrity": "sha512-f2dvO0VU6Oej7RkWJGrehjbzMAjFp5/VKPp5tTpWIV4JHHZK1/BxbFRtf/siA2SWTe09caDmVtYYzWEIbBS4zw==",
      "dev": true,
      "requires": {
        "function-bind": "^1.1.1"
      }
    },
    "is-core-module": {
      "version": "2.9.0",
      "resolved": "https://registry.npmjs.org/is-core-module/-/is-core-module-2.9.0.tgz",
      "integrity": "sha512-+5FPy5PnwmO3lvfMb0AsoPaBG+5KHUI0wYFXOtYPnVVVspTFUuMZNfNaNVRt3FZadstu2c8x23vykRW/NBoU6A==",
      "dev": true,
      "requires": {
        "has": "^1.0.3"
      }
    },
    "lit": {
      "version": "2.2.6",
      "resolved": "https://registry.npmjs.org/lit/-/lit-2.2.6.tgz",
      "integrity": "sha512-K2vkeGABfSJSfkhqHy86ujchJs3NR9nW1bEEiV+bXDkbiQ60Tv5GUausYN2mXigZn8lC1qXuc46ArQRKYmumZw==",
      "requires": {
        "@lit/reactive-element": "^1.3.0",
        "lit-element": "^3.2.0",
        "lit-html": "^2.2.0"
      }
    },
    "lit-element": {
      "version": "3.2.0",
      "resolved": "https://registry.npmjs.org/lit-element/-/lit-element-3.2.0.tgz",
      "integrity": "sha512-HbE7yt2SnUtg5DCrWt028oaU4D5F4k/1cntAFHTkzY8ZIa8N0Wmu92PxSxucsQSOXlODFrICkQ5x/tEshKi13g==",
      "requires": {
        "@lit/reactive-element": "^1.3.0",
        "lit-html": "^2.2.0"
      }
    },
    "lit-html": {
      "version": "2.2.6",
      "resolved": "https://registry.npmjs.org/lit-html/-/lit-html-2.2.6.tgz",
      "integrity": "sha512-xOKsPmq/RAKJ6dUeOxhmOYFjcjf0Q7aSdfBJgdJkOfCUnkmmJPxNrlZpRBeVe1Gg50oYWMlgm6ccAE/SpJgSdw==",
      "requires": {
        "@types/trusted-types": "^2.0.2"
      }
    },
    "mobx": {
      "version": "6.6.1",
      "resolved": "https://registry.npmjs.org/mobx/-/mobx-6.6.1.tgz",
      "integrity": "sha512-7su3UZv5JF+ohLr2opabjbUAERfXstMY+wiBtey8yNAPoB8H187RaQXuhFjNkH8aE4iHbDWnhDFZw0+5ic4nGQ=="
    },
    "nanoid": {
      "version": "3.3.4",
      "resolved": "https://registry.npmjs.org/nanoid/-/nanoid-3.3.4.tgz",
      "integrity": "sha512-MqBkQh/OHTS2egovRtLk45wEyNXwF+cokD+1YPf9u5VfJiRdAiRwB2froX5Co9Rh20xs4siNPm8naNotSD6RBw==",
      "dev": true
    },
    "path-parse": {
      "version": "1.0.7",
      "resolved": "https://registry.npmjs.org/path-parse/-/path-parse-1.0.7.tgz",
      "integrity": "sha512-LDJzPVEEEPR+y48z93A0Ed0yXb8pAByGWo/k5YYdYgpY2/2EsOsksJrq7lOHxryrVOn1ejG6oAp8ahvOIQD8sw==",
      "dev": true
    },
    "picocolors": {
      "version": "1.0.0",
      "resolved": "https://registry.npmjs.org/picocolors/-/picocolors-1.0.0.tgz",
      "integrity": "sha512-1fygroTLlHu66zi26VoTDv8yRgm0Fccecssto+MhsZ0D/DGW2sm8E8AjW7NU5VVTRt5GxbeZ5qBuJr+HyLYkjQ==",
      "dev": true
    },
    "postcss": {
      "version": "8.4.14",
      "resolved": "https://registry.npmjs.org/postcss/-/postcss-8.4.14.tgz",
      "integrity": "sha512-E398TUmfAYFPBSdzgeieK2Y1+1cpdxJx8yXbK/m57nRhKSmk1GB2tO4lbLBtlkfPQTDKfe4Xqv1ASWPpayPEig==",
      "dev": true,
      "requires": {
        "nanoid": "^3.3.4",
        "picocolors": "^1.0.0",
        "source-map-js": "^1.0.2"
      }
    },
    "resolve": {
      "version": "1.22.1",
      "resolved": "https://registry.npmjs.org/resolve/-/resolve-1.22.1.tgz",
      "integrity": "sha512-nBpuuYuY5jFsli/JIs1oldw6fOQCBioohqWZg/2hiaOybXOft4lonv85uDOKXdf8rhyK159cxU5cDcK/NKk8zw==",
      "dev": true,
      "requires": {
        "is-core-module": "^2.9.0",
        "path-parse": "^1.0.7",
        "supports-preserve-symlinks-flag": "^1.0.0"
      }
    },
    "rollup": {
      "version": "2.75.7",
      "resolved": "https://registry.npmjs.org/rollup/-/rollup-2.75.7.tgz",
      "integrity": "sha512-VSE1iy0eaAYNCxEXaleThdFXqZJ42qDBatAwrfnPlENEZ8erQ+0LYX4JXOLPceWfZpV1VtZwZ3dFCuOZiSyFtQ==",
      "dev": true,
      "requires": {
        "fsevents": "~2.3.2"
      }
    },
    "source-map-js": {
      "version": "1.0.2",
      "resolved": "https://registry.npmjs.org/source-map-js/-/source-map-js-1.0.2.tgz",
      "integrity": "sha512-R0XvVJ9WusLiqTCEiGCmICCMplcCkIwwR11mOSD9CR5u+IXYdiseeEuXCVAjS54zqwkLcPNnmU4OeJ6tUrWhDw==",
      "dev": true
    },
    "supports-preserve-symlinks-flag": {
      "version": "1.0.0",
      "resolved": "https://registry.npmjs.org/supports-preserve-symlinks-flag/-/supports-preserve-symlinks-flag-1.0.0.tgz",
      "integrity": "sha512-ot0WnXS9fgdkgIcePe6RHNk1WA8+muPa6cSjeR3V8K27q9BB1rTE3R1p7Hv0z1ZyAc8s6Vvv8DIyWf681MAt0w==",
      "dev": true
    },
    "typescript": {
      "version": "4.7.4",
      "resolved": "https://registry.npmjs.org/typescript/-/typescript-4.7.4.tgz",
      "integrity": "sha512-C0WQT0gezHuw6AdY1M2jxUO83Rjf0HP7Sk1DtXj6j1EwkQNZrHAg2XPWlq62oqEhYvONq5pkC2Y9oPljWToLmQ==",
      "dev": true
    },
    "vite": {
      "version": "2.9.12",
      "resolved": "https://registry.npmjs.org/vite/-/vite-2.9.12.tgz",
      "integrity": "sha512-suxC36dQo9Rq1qMB2qiRorNJtJAdxguu5TMvBHOc/F370KvqAe9t48vYp+/TbPKRNrMh/J55tOUmkuIqstZaew==",
      "dev": true,
      "requires": {
        "esbuild": "^0.14.27",
        "fsevents": "~2.3.2",
        "postcss": "^8.4.13",
        "resolve": "^1.22.0",
        "rollup": "^2.59.0"
      }
    }
  }
}
