{
  "name": "restic-explorer",
  "version": "0.3.0",
  "lockfileVersion": 1,
  "requires": true,
  "dependencies": {
    "@adobe/lit-mobx": {
      "version": "2.2.0",
      "resolved": "https://registry.npmjs.org/@adobe/lit-mobx/-/lit-mobx-2.2.0.tgz",
      "integrity": "sha512-/UrewgO/3qiEmyKPG/8ISzrgDvNWvYtxbA2CjDLq7MgjA0ESfP+jAOEZfk4IyX46yEuk1+kFkFps/V8AYV3qvw=="
    },
    "@esbuild/android-arm": {
      "version": "0.18.20",
      "resolved": "https://registry.npmjs.org/@esbuild/android-arm/-/android-arm-0.18.20.tgz",
      "integrity": "sha512-fyi7TDI/ijKKNZTUJAQqiG5T7YjJXgnzkURqmGj13C6dCqckZBLdl4h7bkhHt/t0WP+zO9/zwroDvANaOqO5Sw==",
      "dev": true,
      "optional": true
    },
    "@esbuild/android-arm64": {
      "version": "0.18.20",
      "resolved": "https://registry.npmjs.org/@esbuild/android-arm64/-/android-arm64-0.18.20.tgz",
      "integrity": "sha512-Nz4rJcchGDtENV0eMKUNa6L12zz2zBDXuhj/Vjh18zGqB44Bi7MBMSXjgunJgjRhCmKOjnPuZp4Mb6OKqtMHLQ==",
      "dev": true,
      "optional": true
    },
    "@esbuild/android-x64": {
      "version": "0.18.20",
      "resolved": "https://registry.npmjs.org/@esbuild/android-x64/-/android-x64-0.18.20.tgz",
      "integrity": "sha512-8GDdlePJA8D6zlZYJV/jnrRAi6rOiNaCC/JclcXpB+KIuvfBN4owLtgzY2bsxnx666XjJx2kDPUmnTtR8qKQUg==",
      "dev": true,
      "optional": true
    },
    "@esbuild/darwin-arm64": {
      "version": "0.18.20",
      "resolved": "https://registry.npmjs.org/@esbuild/darwin-arm64/-/darwin-arm64-0.18.20.tgz",
      "integrity": "sha512-bxRHW5kHU38zS2lPTPOyuyTm+S+eobPUnTNkdJEfAddYgEcll4xkT8DB9d2008DtTbl7uJag2HuE5NZAZgnNEA==",
      "dev": true,
      "optional": true
    },
    "@esbuild/darwin-x64": {
      "version": "0.18.20",
      "resolved": "https://registry.npmjs.org/@esbuild/darwin-x64/-/darwin-x64-0.18.20.tgz",
      "integrity": "sha512-pc5gxlMDxzm513qPGbCbDukOdsGtKhfxD1zJKXjCCcU7ju50O7MeAZ8c4krSJcOIJGFR+qx21yMMVYwiQvyTyQ==",
      "dev": true,
      "optional": true
    },
    "@esbuild/freebsd-arm64": {
      "version": "0.18.20",
      "resolved": "https://registry.npmjs.org/@esbuild/freebsd-arm64/-/freebsd-arm64-0.18.20.tgz",
      "integrity": "sha512-yqDQHy4QHevpMAaxhhIwYPMv1NECwOvIpGCZkECn8w2WFHXjEwrBn3CeNIYsibZ/iZEUemj++M26W3cNR5h+Tw==",
      "dev": true,
      "optional": true
    },
    "@esbuild/freebsd-x64": {
      "version": "0.18.20",
      "resolved": "https://registry.npmjs.org/@esbuild/freebsd-x64/-/freebsd-x64-0.18.20.tgz",
      "integrity": "sha512-tgWRPPuQsd3RmBZwarGVHZQvtzfEBOreNuxEMKFcd5DaDn2PbBxfwLcj4+aenoh7ctXcbXmOQIn8HI6mCSw5MQ==",
      "dev": true,
      "optional": true
    },
    "@esbuild/linux-arm": {
      "version": "0.18.20",
      "resolved": "https://registry.npmjs.org/@esbuild/linux-arm/-/linux-arm-0.18.20.tgz",
      "integrity": "sha512-/5bHkMWnq1EgKr1V+Ybz3s1hWXok7mDFUMQ4cG10AfW3wL02PSZi5kFpYKrptDsgb2WAJIvRcDm+qIvXf/apvg==",
      "dev": true,
      "optional": true
    },
    "@esbuild/linux-arm64": {
      "version": "0.18.20",
      "resolved": "https://registry.npmjs.org/@esbuild/linux-arm64/-/linux-arm64-0.18.20.tgz",
      "integrity": "sha512-2YbscF+UL7SQAVIpnWvYwM+3LskyDmPhe31pE7/aoTMFKKzIc9lLbyGUpmmb8a8AixOL61sQ/mFh3jEjHYFvdA==",
      "dev": true,
      "optional": true
    },
    "@esbuild/linux-ia32": {
      "version": "0.18.20",
      "resolved": "https://registry.npmjs.org/@esbuild/linux-ia32/-/linux-ia32-0.18.20.tgz",
      "integrity": "sha512-P4etWwq6IsReT0E1KHU40bOnzMHoH73aXp96Fs8TIT6z9Hu8G6+0SHSw9i2isWrD2nbx2qo5yUqACgdfVGx7TA==",
      "dev": true,
      "optional": true
    },
    "@esbuild/linux-loong64": {
      "version": "0.18.20",
      "resolved": "https://registry.npmjs.org/@esbuild/linux-loong64/-/linux-loong64-0.18.20.tgz",
      "integrity": "sha512-nXW8nqBTrOpDLPgPY9uV+/1DjxoQ7DoB2N8eocyq8I9XuqJ7BiAMDMf9n1xZM9TgW0J8zrquIb/A7s3BJv7rjg==",
      "dev": true,
      "optional": true
    },
    "@esbuild/linux-mips64el": {
      "version": "0.18.20",
      "resolved": "https://registry.npmjs.org/@esbuild/linux-mips64el/-/linux-mips64el-0.18.20.tgz",
      "integrity": "sha512-d5NeaXZcHp8PzYy5VnXV3VSd2D328Zb+9dEq5HE6bw6+N86JVPExrA6O68OPwobntbNJ0pzCpUFZTo3w0GyetQ==",
      "dev": true,
      "optional": true
    },
    "@esbuild/linux-ppc64": {
      "version": "0.18.20",
      "resolved": "https://registry.npmjs.org/@esbuild/linux-ppc64/-/linux-ppc64-0.18.20.tgz",
      "integrity": "sha512-WHPyeScRNcmANnLQkq6AfyXRFr5D6N2sKgkFo2FqguP44Nw2eyDlbTdZwd9GYk98DZG9QItIiTlFLHJHjxP3FA==",
      "dev": true,
      "optional": true
    },
    "@esbuild/linux-riscv64": {
      "version": "0.18.20",
      "resolved": "https://registry.npmjs.org/@esbuild/linux-riscv64/-/linux-riscv64-0.18.20.tgz",
      "integrity": "sha512-WSxo6h5ecI5XH34KC7w5veNnKkju3zBRLEQNY7mv5mtBmrP/MjNBCAlsM2u5hDBlS3NGcTQpoBvRzqBcRtpq1A==",
      "dev": true,
      "optional": true
    },
    "@esbuild/linux-s390x": {
      "version": "0.18.20",
      "resolved": "https://registry.npmjs.org/@esbuild/linux-s390x/-/linux-s390x-0.18.20.tgz",
      "integrity": "sha512-+8231GMs3mAEth6Ja1iK0a1sQ3ohfcpzpRLH8uuc5/KVDFneH6jtAJLFGafpzpMRO6DzJ6AvXKze9LfFMrIHVQ==",
      "dev": true,
      "optional": true
    },
    "@esbuild/linux-x64": {
      "version": "0.18.20",
      "resolved": "https://registry.npmjs.org/@esbuild/linux-x64/-/linux-x64-0.18.20.tgz",
      "integrity": "sha512-UYqiqemphJcNsFEskc73jQ7B9jgwjWrSayxawS6UVFZGWrAAtkzjxSqnoclCXxWtfwLdzU+vTpcNYhpn43uP1w==",
      "dev": true,
      "optional": true
    },
    "@esbuild/netbsd-x64": {
      "version": "0.18.20",
      "resolved": "https://registry.npmjs.org/@esbuild/netbsd-x64/-/netbsd-x64-0.18.20.tgz",
      "integrity": "sha512-iO1c++VP6xUBUmltHZoMtCUdPlnPGdBom6IrO4gyKPFFVBKioIImVooR5I83nTew5UOYrk3gIJhbZh8X44y06A==",
      "dev": true,
      "optional": true
    },
    "@esbuild/openbsd-x64": {
      "version": "0.18.20",
      "resolved": "https://registry.npmjs.org/@esbuild/openbsd-x64/-/openbsd-x64-0.18.20.tgz",
      "integrity": "sha512-e5e4YSsuQfX4cxcygw/UCPIEP6wbIL+se3sxPdCiMbFLBWu0eiZOJ7WoD+ptCLrmjZBK1Wk7I6D/I3NglUGOxg==",
      "dev": true,
      "optional": true
    },
    "@esbuild/sunos-x64": {
      "version": "0.18.20",
      "resolved": "https://registry.npmjs.org/@esbuild/sunos-x64/-/sunos-x64-0.18.20.tgz",
      "integrity": "sha512-kDbFRFp0YpTQVVrqUd5FTYmWo45zGaXe0X8E1G/LKFC0v8x0vWrhOWSLITcCn63lmZIxfOMXtCfti/RxN/0wnQ==",
      "dev": true,
      "optional": true
    },
    "@esbuild/win32-arm64": {
      "version": "0.18.20",
      "resolved": "https://registry.npmjs.org/@esbuild/win32-arm64/-/win32-arm64-0.18.20.tgz",
      "integrity": "sha512-ddYFR6ItYgoaq4v4JmQQaAI5s7npztfV4Ag6NrhiaW0RrnOXqBkgwZLofVTlq1daVTQNhtI5oieTvkRPfZrePg==",
      "dev": true,
      "optional": true
    },
    "@esbuild/win32-ia32": {
      "version": "0.18.20",
      "resolved": "https://registry.npmjs.org/@esbuild/win32-ia32/-/win32-ia32-0.18.20.tgz",
      "integrity": "sha512-Wv7QBi3ID/rROT08SABTS7eV4hX26sVduqDOTe1MvGMjNd3EjOz4b7zeexIR62GTIEKrfJXKL9LFxTYgkyeu7g==",
      "dev": true,
      "optional": true
    },
    "@esbuild/win32-x64": {
      "version": "0.18.20",
      "resolved": "https://registry.npmjs.org/@esbuild/win32-x64/-/win32-x64-0.18.20.tgz",
      "integrity": "sha512-kTdfRcSiDfQca/y9QIkng02avJ+NCaQvrMejlsB3RRv5sE9rRoeBPISaZpKxHELzRxZyLvNts1P27W3wV+8geQ==",
      "dev": true,
      "optional": true
    },
    "@lit-labs/ssr-dom-shim": {
      "version": "1.1.1",
      "resolved": "https://registry.npmjs.org/@lit-labs/ssr-dom-shim/-/ssr-dom-shim-1.1.1.tgz",
      "integrity": "sha512-kXOeFbfCm4fFf2A3WwVEeQj55tMZa8c8/f9AKHMobQMkzNUfUj+antR3fRPaZJawsa1aZiP/Da3ndpZrwEe4rQ=="
    },
    "@lit/reactive-element": {
      "version": "1.6.3",
      "resolved": "https://registry.npmjs.org/@lit/reactive-element/-/reactive-element-1.6.3.tgz",
      "integrity": "sha512-QuTgnG52Poic7uM1AN5yJ09QMe0O28e10XzSvWDz02TJiiKee4stsiownEIadWm8nYzyDAyT+gKzUoZmiWQtsQ==",
      "requires": {
        "@lit-labs/ssr-dom-shim": "^1.0.0"
      }
    },
    "@open-wc/dedupe-mixin": {
      "version": "1.4.0",
      "resolved": "https://registry.npmjs.org/@open-wc/dedupe-mixin/-/dedupe-mixin-1.4.0.tgz",
      "integrity": "sha512-Sj7gKl1TLcDbF7B6KUhtvr+1UCxdhMbNY5KxdU5IfMFWqL8oy1ZeAcCANjoB1TL0AJTcPmcCFsCbHf8X2jGDUA=="
    },
    "@polymer/iron-flex-layout": {
      "version": "3.0.1",
      "resolved": "https://registry.npmjs.org/@polymer/iron-flex-layout/-/iron-flex-layout-3.0.1.tgz",
      "integrity": "sha512-7gB869czArF+HZcPTVSgvA7tXYFze9EKckvM95NB7SqYF+NnsQyhoXgKnpFwGyo95lUjUW9TFDLUwDXnCYFtkw==",
      "requires": {
        "@polymer/polymer": "^3.0.0"
      }
    },
    "@polymer/iron-icon": {
      "version": "3.0.1",
      "resolved": "https://registry.npmjs.org/@polymer/iron-icon/-/iron-icon-3.0.1.tgz",
      "integrity": "sha512-QLPwirk+UPZNaLnMew9VludXA4CWUCenRewgEcGYwdzVgDPCDbXxy6vRJjmweZobMQv/oVLppT2JZtJFnPxX6g==",
      "requires": {
        "@polymer/iron-flex-layout": "^3.0.0-pre.26",
        "@polymer/iron-meta": "^3.0.0-pre.26",
        "@polymer/polymer": "^3.0.0"
      }
    },
    "@polymer/iron-iconset-svg": {
      "version": "3.0.1",
      "resolved": "https://registry.npmjs.org/@polymer/iron-iconset-svg/-/iron-iconset-svg-3.0.1.tgz",
      "integrity": "sha512-XNwURbNHRw6u2fJe05O5fMYye6GSgDlDqCO+q6K1zAnKIrpgZwf2vTkBd5uCcZwsN0FyCB3mvNZx4jkh85dRDw==",
      "requires": {
        "@polymer/iron-meta": "^3.0.0-pre.26",
        "@polymer/polymer": "^3.0.0"
      }
    },
    "@polymer/iron-meta": {
      "version": "3.0.1",
      "resolved": "https://registry.npmjs.org/@polymer/iron-meta/-/iron-meta-3.0.1.tgz",
      "integrity": "sha512-pWguPugiLYmWFV9UWxLWzZ6gm4wBwQdDy4VULKwdHCqR7OP7u98h+XDdGZsSlDPv6qoryV/e3tGHlTIT0mbzJA==",
      "requires": {
        "@polymer/polymer": "^3.0.0"
      }
    },
    "@polymer/polymer": {
      "version": "3.5.1",
      "resolved": "https://registry.npmjs.org/@polymer/polymer/-/polymer-3.5.1.tgz",
      "integrity": "sha512-JlAHuy+1qIC6hL1ojEUfIVD58fzTpJAoCxFwV5yr0mYTXV1H8bz5zy0+rC963Cgr9iNXQ4T9ncSjC2fkF9BQfw==",
      "requires": {
        "@webcomponents/shadycss": "^1.9.1"
      }
    },
    "@tauri-apps/api": {
      "version": "1.5.0",
      "resolved": "https://registry.npmjs.org/@tauri-apps/api/-/api-1.5.0.tgz",
      "integrity": "sha512-yQY9wpVNuiYhLLuyDlu1nBpqJELT1fGp7OctN4rW9I2W1T2p7A3tqPxsEzQprEwneQRBAlPM9vC8NsnMbct+pg=="
    },
    "@tauri-apps/cli": {
      "version": "1.5.2",
      "resolved": "https://registry.npmjs.org/@tauri-apps/cli/-/cli-1.5.2.tgz",
      "integrity": "sha512-x4rPinrdyWLdTU5TbV7wrXudOyMilv0nmi1rngm/jwN3MmZdAj5J2xaS2rYtA8BU3oM/SE34qQwYxv1a2sM9ug==",
      "dev": true,
      "requires": {
        "@tauri-apps/cli-darwin-arm64": "1.5.2",
        "@tauri-apps/cli-darwin-x64": "1.5.2",
        "@tauri-apps/cli-linux-arm-gnueabihf": "1.5.2",
        "@tauri-apps/cli-linux-arm64-gnu": "1.5.2",
        "@tauri-apps/cli-linux-arm64-musl": "1.5.2",
        "@tauri-apps/cli-linux-x64-gnu": "1.5.2",
        "@tauri-apps/cli-linux-x64-musl": "1.5.2",
        "@tauri-apps/cli-win32-arm64-msvc": "1.5.2",
        "@tauri-apps/cli-win32-ia32-msvc": "1.5.2",
        "@tauri-apps/cli-win32-x64-msvc": "1.5.2"
      }
    },
    "@tauri-apps/cli-darwin-arm64": {
      "version": "1.5.2",
      "resolved": "https://registry.npmjs.org/@tauri-apps/cli-darwin-arm64/-/cli-darwin-arm64-1.5.2.tgz",
      "integrity": "sha512-3mYN15jpYjuuHRWii5Xk6JvB3ZLEgAZkeVgc5Hg7k3Yw1ZBrEGiUNe3Ku4DjbkYWL/QDd7oteIJnQk3j0mXwEg==",
      "dev": true,
      "optional": true
    },
    "@tauri-apps/cli-darwin-x64": {
      "version": "1.5.2",
      "resolved": "https://registry.npmjs.org/@tauri-apps/cli-darwin-x64/-/cli-darwin-x64-1.5.2.tgz",
      "integrity": "sha512-8Jsl+EKBGdBoRUIR5ohjiTV6uG+pFpkNwHB4WaOzzR//v6p0lGULk2ohPIjJxhoQIFIN9oBd8bsSSNbZO/57/g==",
      "dev": true,
      "optional": true
    },
    "@tauri-apps/cli-linux-arm-gnueabihf": {
      "version": "1.5.2",
      "resolved": "https://registry.npmjs.org/@tauri-apps/cli-linux-arm-gnueabihf/-/cli-linux-arm-gnueabihf-1.5.2.tgz",
      "integrity": "sha512-oWzcQtZogchdCSdQ+eEbDJHjJO9BGPO9EZNfvI2u3JzS/hJj4wCwnGHvZGI4jJ/6cnmcNvtt9ZftYYN4rpQW7A==",
      "dev": true,
      "optional": true
    },
    "@tauri-apps/cli-linux-arm64-gnu": {
      "version": "1.5.2",
      "resolved": "https://registry.npmjs.org/@tauri-apps/cli-linux-arm64-gnu/-/cli-linux-arm64-gnu-1.5.2.tgz",
      "integrity": "sha512-hfIUtys+SrrGEpLhQJwmL16g1FDhfObR4AGahCMqvMwA25uQKhtzRhxieO4X3k03vBeboTyJla5a2rX4TQ4lXA==",
      "dev": true,
      "optional": true
    },
    "@tauri-apps/cli-linux-arm64-musl": {
      "version": "1.5.2",
      "resolved": "https://registry.npmjs.org/@tauri-apps/cli-linux-arm64-musl/-/cli-linux-arm64-musl-1.5.2.tgz",
      "integrity": "sha512-ZpFX4HyjkJHfF0geVVpq5fNjEXG8766LRg/BL4/wKy8MNbqcc/aW3sLEpVj0GvdulxOnd2trDb1FJdZ206Kp8g==",
      "dev": true,
      "optional": true
    },
    "@tauri-apps/cli-linux-x64-gnu": {
      "version": "1.5.2",
      "resolved": "https://registry.npmjs.org/@tauri-apps/cli-linux-x64-gnu/-/cli-linux-x64-gnu-1.5.2.tgz",
      "integrity": "sha512-/kEZrDVZv1+qYpZigtLntX4s+gx7WQqp8cmxKZL5GrzAjUNSTnfWK5VL7o0lYm09QBJAdTvjcJu2aPzNHLDS+Q==",
      "dev": true,
      "optional": true
    },
    "@tauri-apps/cli-linux-x64-musl": {
      "version": "1.5.2",
      "resolved": "https://registry.npmjs.org/@tauri-apps/cli-linux-x64-musl/-/cli-linux-x64-musl-1.5.2.tgz",
      "integrity": "sha512-vOrTqfW7NZLYmB1ZXjEq9JC8Z5knIHVGltN3jfyq9UY+tu7d6jNaSHuDdsVHLaKIRQajTHz+5cphDMoL+6/MUQ==",
      "dev": true,
      "optional": true
    },
    "@tauri-apps/cli-win32-arm64-msvc": {
      "version": "1.5.2",
      "resolved": "https://registry.npmjs.org/@tauri-apps/cli-win32-arm64-msvc/-/cli-win32-arm64-msvc-1.5.2.tgz",
      "integrity": "sha512-PCAIxH8TvIy1PlJK2qrdwpRCa7pZV648whRhmoLwj9lvn9PR4+vwuUWhSTXmp1ISHWZm/mEJpYuVq0ZxJDQKZQ==",
      "dev": true,
      "optional": true
    },
    "@tauri-apps/cli-win32-ia32-msvc": {
      "version": "1.5.2",
      "resolved": "https://registry.npmjs.org/@tauri-apps/cli-win32-ia32-msvc/-/cli-win32-ia32-msvc-1.5.2.tgz",
      "integrity": "sha512-0rCXZC/9qyWZI2cgVnsT4JEjcxjQcZlrZjaSwhGynPUMkIUUBsWDimzkQeOP8abw5j/kLS2QPQRHAHqd0IF6Rg==",
      "dev": true,
      "optional": true
    },
    "@tauri-apps/cli-win32-x64-msvc": {
      "version": "1.5.2",
      "resolved": "https://registry.npmjs.org/@tauri-apps/cli-win32-x64-msvc/-/cli-win32-x64-msvc-1.5.2.tgz",
      "integrity": "sha512-HrOwIujKTql8yUOvR+IEGW/SXwMwPrGWrcM35cDfCxpkLH6h3F5i4JtRqYTAiFdSfTk1J2rcFVQXfFJYIDntnA==",
      "dev": true,
      "optional": true
    },
    "@types/trusted-types": {
      "version": "2.0.4",
      "resolved": "https://registry.npmjs.org/@types/trusted-types/-/trusted-types-2.0.4.tgz",
      "integrity": "sha512-IDaobHimLQhjwsQ/NMwRVfa/yL7L/wriQPMhw1ZJall0KX6E1oxk29XMDeilW5qTIg5aoiqf5Udy8U/51aNoQQ=="
    },
    "@vaadin/button": {
      "version": "23.3.25",
      "resolved": "https://registry.npmjs.org/@vaadin/button/-/button-23.3.25.tgz",
      "integrity": "sha512-9DyAwuaaa2Rnp91DkMIcBV/IqC/TQvk3kRU3Ec4swvDFYQDi71l2Q6JOkPZ/Ofj86tfpEDonLM6luzpisOfQ9A==",
      "requires": {
        "@open-wc/dedupe-mixin": "^1.3.0",
        "@polymer/polymer": "^3.0.0",
        "@vaadin/component-base": "~23.3.25",
        "@vaadin/vaadin-lumo-styles": "~23.3.25",
        "@vaadin/vaadin-material-styles": "~23.3.25",
        "@vaadin/vaadin-themable-mixin": "~23.3.25"
      }
    },
    "@vaadin/checkbox": {
      "version": "23.3.25",
      "resolved": "https://registry.npmjs.org/@vaadin/checkbox/-/checkbox-23.3.25.tgz",
      "integrity": "sha512-qXtyfNV2o7sMGuLLNFju8DAn7SfR5GzwaC5dqoq+fFBd1Qo2vnFgMiqR3Nl1yb7Elx0nOMS6PvKkPGZhd4fKSg==",
      "requires": {
        "@polymer/polymer": "^3.0.0",
        "@vaadin/component-base": "~23.3.25",
        "@vaadin/field-base": "~23.3.25",
        "@vaadin/vaadin-lumo-styles": "~23.3.25",
        "@vaadin/vaadin-material-styles": "~23.3.25",
        "@vaadin/vaadin-themable-mixin": "~23.3.25"
      }
    },
    "@vaadin/component-base": {
      "version": "23.3.25",
      "resolved": "https://registry.npmjs.org/@vaadin/component-base/-/component-base-23.3.25.tgz",
      "integrity": "sha512-7AbZkZvyl2ZQlG/Tgl5Dc0DV6d0w83ghQ5kG2KzcspOIqlYNlqfVf0lTD3NTgEpkkiz5bVF8YdUWRsZpESORGA==",
      "requires": {
        "@open-wc/dedupe-mixin": "^1.3.0",
        "@polymer/polymer": "^3.0.0",
        "@vaadin/vaadin-development-mode-detector": "^2.0.0",
        "@vaadin/vaadin-usage-statistics": "^2.1.0",
        "lit": "^2.0.0"
      }
    },
    "@vaadin/dialog": {
      "version": "23.3.25",
      "resolved": "https://registry.npmjs.org/@vaadin/dialog/-/dialog-23.3.25.tgz",
      "integrity": "sha512-xypkGOOUrcE+5ErCTmITNgkSiDDNiwfJoN7xr8oy5FelcHgZ4ff7rXJpKYKTf7BEo18r3i2eU3Uc3ImwEgFWFg==",
      "requires": {
        "@open-wc/dedupe-mixin": "^1.3.0",
        "@polymer/polymer": "^3.0.0",
        "@vaadin/component-base": "~23.3.25",
        "@vaadin/lit-renderer": "~23.3.25",
        "@vaadin/overlay": "~23.3.25",
        "@vaadin/vaadin-lumo-styles": "~23.3.25",
        "@vaadin/vaadin-material-styles": "~23.3.25",
        "@vaadin/vaadin-themable-mixin": "~23.3.25"
      }
    },
    "@vaadin/field-base": {
      "version": "23.3.25",
      "resolved": "https://registry.npmjs.org/@vaadin/field-base/-/field-base-23.3.25.tgz",
      "integrity": "sha512-CP8Xbdb4SgKRV/mBgZyPb0d8d9q51XFHXq8jqdtH24bfdFxRjtsvAZjQwt51D4AmgSNwwSPhnf0lbV7Gj86B9A==",
      "requires": {
        "@open-wc/dedupe-mixin": "^1.3.0",
        "@polymer/polymer": "^3.0.0",
        "@vaadin/component-base": "~23.3.25",
        "lit": "^2.0.0"
      }
    },
    "@vaadin/grid": {
      "version": "23.3.25",
      "resolved": "https://registry.npmjs.org/@vaadin/grid/-/grid-23.3.25.tgz",
      "integrity": "sha512-rUNsnSMk7iNK88F08Z8/NIqM89ULSpXhE54pLt8ScuJC8LXWfmyy6kpOAw6PA3hrtKbEr9YehLDqkzvDNnmoXg==",
      "requires": {
        "@open-wc/dedupe-mixin": "^1.3.0",
        "@polymer/polymer": "^3.0.0",
        "@vaadin/checkbox": "~23.3.25",
        "@vaadin/component-base": "~23.3.25",
        "@vaadin/lit-renderer": "~23.3.25",
        "@vaadin/text-field": "~23.3.25",
        "@vaadin/vaadin-lumo-styles": "~23.3.25",
        "@vaadin/vaadin-material-styles": "~23.3.25",
        "@vaadin/vaadin-themable-mixin": "~23.3.25"
      }
    },
    "@vaadin/horizontal-layout": {
      "version": "23.3.25",
      "resolved": "https://registry.npmjs.org/@vaadin/horizontal-layout/-/horizontal-layout-23.3.25.tgz",
      "integrity": "sha512-4VAaDlMOxBWj/iIvOpvQV2w0EG0KSxmjcBO/jOhotwGa0LACIpkZNlR7rc861SWx7XYr7vz57hFshRQuEIZ03A==",
      "requires": {
        "@polymer/polymer": "^3.0.0",
        "@vaadin/component-base": "~23.3.25",
        "@vaadin/vaadin-lumo-styles": "~23.3.25",
        "@vaadin/vaadin-material-styles": "~23.3.25",
        "@vaadin/vaadin-themable-mixin": "~23.3.25"
      }
    },
    "@vaadin/icon": {
      "version": "23.3.25",
      "resolved": "https://registry.npmjs.org/@vaadin/icon/-/icon-23.3.25.tgz",
      "integrity": "sha512-XMTyaUXLSvETaDV5cj77g2h9iCOZb/2oo8lwKIvrvt1T2xWa/hLx0dL9CC+IU1GhsJ5SwI91X20B5egSvSi3gQ==",
      "requires": {
        "@polymer/polymer": "^3.0.0",
        "@vaadin/component-base": "~23.3.25",
        "@vaadin/vaadin-lumo-styles": "~23.3.25",
        "@vaadin/vaadin-themable-mixin": "~23.3.25",
        "lit": "^2.0.0"
      }
    },
    "@vaadin/icons": {
      "version": "23.3.25",
      "resolved": "https://registry.npmjs.org/@vaadin/icons/-/icons-23.3.25.tgz",
      "integrity": "sha512-bqgv5Vh/gp6zXX10Ab3XwW7FzA4P+nKkNgPzMw2sXyg7CFtYoKlC3YtMmGbZn3Y339rgB3vmye95+ow6ioepLQ==",
      "requires": {
        "@polymer/iron-icon": "^3.0.0",
        "@polymer/iron-iconset-svg": "^3.0.0",
        "@polymer/polymer": "^3.0.0",
        "@vaadin/icon": "~23.3.25"
      }
    },
    "@vaadin/input-container": {
      "version": "23.3.25",
      "resolved": "https://registry.npmjs.org/@vaadin/input-container/-/input-container-23.3.25.tgz",
      "integrity": "sha512-OaSgFB523UvMcm0Jys1yGf2zr2KiKox7TOGefwMnF2jd4v0g87BsslaIAgNFlEO8tOQhzNuE9ZDvZJIBq7LpDw==",
      "requires": {
        "@polymer/polymer": "^3.0.0",
        "@vaadin/component-base": "~23.3.25",
        "@vaadin/vaadin-lumo-styles": "~23.3.25",
        "@vaadin/vaadin-material-styles": "~23.3.25",
        "@vaadin/vaadin-themable-mixin": "~23.3.25"
      }
    },
    "@vaadin/item": {
      "version": "23.3.25",
      "resolved": "https://registry.npmjs.org/@vaadin/item/-/item-23.3.25.tgz",
      "integrity": "sha512-c1TkuMeLJo9x/j+JF1xR4jDaUED48zatWcl7TboFx+pAo/2lmbjk4haKK3eIsRfGW4ozDd4sotvzCAMlLH0amw==",
      "requires": {
        "@open-wc/dedupe-mixin": "^1.3.0",
        "@polymer/polymer": "^3.0.0",
        "@vaadin/component-base": "~23.3.25",
        "@vaadin/vaadin-lumo-styles": "~23.3.25",
        "@vaadin/vaadin-material-styles": "~23.3.25",
        "@vaadin/vaadin-themable-mixin": "~23.3.25"
      }
    },
    "@vaadin/list-box": {
      "version": "23.3.25",
      "resolved": "https://registry.npmjs.org/@vaadin/list-box/-/list-box-23.3.25.tgz",
      "integrity": "sha512-7lXiKG/pjVZIItAJtPLAtmDs5KICjxFiuCnp70t2+o+O7nOObwXfhPKOYfvVg0kZitml1K0DdT/GtHiUK2jMdg==",
      "requires": {
        "@polymer/polymer": "^3.0.0",
        "@vaadin/component-base": "~23.3.25",
        "@vaadin/item": "~23.3.25",
        "@vaadin/vaadin-list-mixin": "~23.3.25",
        "@vaadin/vaadin-lumo-styles": "~23.3.25",
        "@vaadin/vaadin-material-styles": "~23.3.25",
        "@vaadin/vaadin-themable-mixin": "~23.3.25"
      }
    },
    "@vaadin/lit-renderer": {
      "version": "23.3.25",
      "resolved": "https://registry.npmjs.org/@vaadin/lit-renderer/-/lit-renderer-23.3.25.tgz",
      "integrity": "sha512-LF9EfeGVTmftiKGirTZRBqVj2vimiy+NdlMEDybgK0ey21EibFhYBl9nLcstgYVTNixHox3lJHlFWH53OMnz/Q==",
      "requires": {
        "lit": "^2.0.0"
      }
    },
    "@vaadin/notification": {
      "version": "23.3.25",
      "resolved": "https://registry.npmjs.org/@vaadin/notification/-/notification-23.3.25.tgz",
      "integrity": "sha512-GsJAV19ShuN/a3QC5kzBCemUhd0gK7f6h4ItsvY9/bINul7ctt0libi5WAbEBfCrzgSyGem4Y89veI9K53qtTQ==",
      "requires": {
        "@polymer/polymer": "^3.0.0",
        "@vaadin/component-base": "~23.3.25",
        "@vaadin/lit-renderer": "~23.3.25",
        "@vaadin/vaadin-lumo-styles": "~23.3.25",
        "@vaadin/vaadin-material-styles": "~23.3.25",
        "@vaadin/vaadin-themable-mixin": "~23.3.25",
        "lit": "^2.0.0"
      }
    },
    "@vaadin/overlay": {
      "version": "23.3.25",
      "resolved": "https://registry.npmjs.org/@vaadin/overlay/-/overlay-23.3.25.tgz",
      "integrity": "sha512-ZKt1RiuEEMBt2rT0kxp4Ghz78EbXiyLXH9L3NHfU0CoVbJsyOQMK31sZNoC/ixE8onbr6gkuCmhYVuC28Hf2mg==",
      "requires": {
        "@open-wc/dedupe-mixin": "^1.3.0",
        "@polymer/polymer": "^3.0.0",
        "@vaadin/component-base": "~23.3.25",
        "@vaadin/vaadin-lumo-styles": "~23.3.25",
        "@vaadin/vaadin-material-styles": "~23.3.25",
        "@vaadin/vaadin-themable-mixin": "~23.3.25"
      }
    },
    "@vaadin/password-field": {
      "version": "23.3.25",
      "resolved": "https://registry.npmjs.org/@vaadin/password-field/-/password-field-23.3.25.tgz",
      "integrity": "sha512-iiNFO0p29dcC1kW7sYKzYmDwRgz85vTZD3/OnoaEdIM31DOkK2+6Fls7fk+75Uu6N7hE0YQLX98dQYyqy1KKmw==",
      "requires": {
        "@polymer/polymer": "^3.0.0",
        "@vaadin/button": "~23.3.25",
        "@vaadin/component-base": "~23.3.25",
        "@vaadin/text-field": "~23.3.25",
        "@vaadin/vaadin-lumo-styles": "~23.3.25",
        "@vaadin/vaadin-material-styles": "~23.3.25",
        "@vaadin/vaadin-themable-mixin": "~23.3.25"
      }
    },
    "@vaadin/select": {
      "version": "23.3.25",
      "resolved": "https://registry.npmjs.org/@vaadin/select/-/select-23.3.25.tgz",
      "integrity": "sha512-tAzbsTgObzc7bcDqqTMlWLfTdcxzWLIjd0IOW2Uewj/7bBjZu57YexE+SmzUiwoR+Vu+M8326jfNBV8faY2JpA==",
      "requires": {
        "@polymer/polymer": "^3.2.0",
        "@vaadin/button": "~23.3.25",
        "@vaadin/component-base": "~23.3.25",
        "@vaadin/field-base": "~23.3.25",
        "@vaadin/input-container": "~23.3.25",
        "@vaadin/item": "~23.3.25",
        "@vaadin/list-box": "~23.3.25",
        "@vaadin/lit-renderer": "~23.3.25",
        "@vaadin/overlay": "~23.3.25",
        "@vaadin/vaadin-list-mixin": "~23.3.25",
        "@vaadin/vaadin-lumo-styles": "~23.3.25",
        "@vaadin/vaadin-material-styles": "~23.3.25",
        "@vaadin/vaadin-themable-mixin": "~23.3.25"
      }
    },
    "@vaadin/split-layout": {
      "version": "23.3.25",
      "resolved": "https://registry.npmjs.org/@vaadin/split-layout/-/split-layout-23.3.25.tgz",
      "integrity": "sha512-ffd5MSr30aED3RD1C1ojAhkPr3zCJlHpB8gPPXtzaMK6P93MXl2IDKqq+8L5+mTkG2xbNmDDlrrXNMO9nveMug==",
      "requires": {
        "@polymer/polymer": "^3.0.0",
        "@vaadin/component-base": "~23.3.25",
        "@vaadin/vaadin-lumo-styles": "~23.3.25",
        "@vaadin/vaadin-material-styles": "~23.3.25",
        "@vaadin/vaadin-themable-mixin": "~23.3.25"
      }
    },
    "@vaadin/text-field": {
      "version": "23.3.25",
      "resolved": "https://registry.npmjs.org/@vaadin/text-field/-/text-field-23.3.25.tgz",
      "integrity": "sha512-cuEhPIwhqdjo0AZINz19iEOCsZVks8mJIV5zo8zBz/Wl2Gtp8mxn+viyhWNgGd/m/c1B1BMZsEaqLBQnhakrqQ==",
      "requires": {
        "@polymer/polymer": "^3.0.0",
        "@vaadin/component-base": "~23.3.25",
        "@vaadin/field-base": "~23.3.25",
        "@vaadin/input-container": "~23.3.25",
        "@vaadin/vaadin-lumo-styles": "~23.3.25",
        "@vaadin/vaadin-material-styles": "~23.3.25",
        "@vaadin/vaadin-themable-mixin": "~23.3.25"
      }
    },
    "@vaadin/vaadin-development-mode-detector": {
      "version": "2.0.6",
      "resolved": "https://registry.npmjs.org/@vaadin/vaadin-development-mode-detector/-/vaadin-development-mode-detector-2.0.6.tgz",
      "integrity": "sha512-N6a5nLT/ytEUlpPo+nvdCKIGoyNjPsj3rzPGvGYK8x9Ceg76OTe1xI/GtN71mRW9e2HUScR0kCNOkl1Z63YDjw=="
    },
    "@vaadin/vaadin-list-mixin": {
      "version": "23.3.25",
      "resolved": "https://registry.npmjs.org/@vaadin/vaadin-list-mixin/-/vaadin-list-mixin-23.3.25.tgz",
      "integrity": "sha512-LjWgCOYP/HTxVvpbyzi9FJTq1LzqCWOZ8klb6MklNPZcRT2XD0aoOEim4oEaf/dovbUtDD5xxeXmuovhHF6Cww==",
      "requires": {
        "@open-wc/dedupe-mixin": "^1.3.0",
        "@polymer/polymer": "^3.0.0",
        "@vaadin/component-base": "~23.3.25"
      }
    },
    "@vaadin/vaadin-lumo-styles": {
      "version": "23.3.25",
      "resolved": "https://registry.npmjs.org/@vaadin/vaadin-lumo-styles/-/vaadin-lumo-styles-23.3.25.tgz",
      "integrity": "sha512-XNQijt5DZ6omSiapsNbiDwtQQ/I+QLcHNpcweY71r7m7mjsip+ZfPBswhKdF72qYAZV+5i+F6C5pS8AL0QdFng==",
      "requires": {
        "@polymer/iron-icon": "^3.0.0",
        "@polymer/iron-iconset-svg": "^3.0.0",
        "@polymer/polymer": "^3.0.0",
        "@vaadin/icon": "~23.3.25",
        "@vaadin/vaadin-themable-mixin": "~23.3.25"
      }
    },
    "@vaadin/vaadin-material-styles": {
      "version": "23.3.25",
      "resolved": "https://registry.npmjs.org/@vaadin/vaadin-material-styles/-/vaadin-material-styles-23.3.25.tgz",
      "integrity": "sha512-GJZ7DAiOppIuonGISSSwNuRDoQEP8BNkvQH59izLwsCIHXUwsjqBWtTwtKE8H519d9208z5L7jo0Xsx258NfFA==",
      "requires": {
        "@polymer/polymer": "^3.0.0",
        "@vaadin/vaadin-themable-mixin": "~23.3.25"
      }
    },
    "@vaadin/vaadin-themable-mixin": {
      "version": "23.3.25",
      "resolved": "https://registry.npmjs.org/@vaadin/vaadin-themable-mixin/-/vaadin-themable-mixin-23.3.25.tgz",
      "integrity": "sha512-MwVFo5i1eEFf7jOr6yew2uvaT5X4dHsr7vwyhLhUdegUnu/MjWk1hH8lkHGoAj0X9pQVAt12966iTxuuMueSdg==",
      "requires": {
        "@open-wc/dedupe-mixin": "^1.3.0",
        "lit": "^2.0.0"
      }
    },
    "@vaadin/vaadin-usage-statistics": {
      "version": "2.1.2",
      "resolved": "https://registry.npmjs.org/@vaadin/vaadin-usage-statistics/-/vaadin-usage-statistics-2.1.2.tgz",
      "integrity": "sha512-xKs1PvRfTXsG0eWWcImLXWjv7D+f1vfoIvovppv6pZ5QX8xgcxWUdNgERlOOdGt3CTuxQXukTBW3+Qfva+OXSg==",
      "requires": {
        "@vaadin/vaadin-development-mode-detector": "^2.0.0"
      }
    },
    "@vaadin/vertical-layout": {
      "version": "23.3.25",
      "resolved": "https://registry.npmjs.org/@vaadin/vertical-layout/-/vertical-layout-23.3.25.tgz",
      "integrity": "sha512-svznyvNVqBA689NRGU+ewzI17JPkpShb9zD/ChU2NPMsfuPkWd8ip0o8ELEbbtssqkYgPd2dEgk6/6OT4K25XA==",
      "requires": {
        "@polymer/polymer": "^3.0.0",
        "@vaadin/component-base": "~23.3.25",
        "@vaadin/vaadin-lumo-styles": "~23.3.25",
        "@vaadin/vaadin-material-styles": "~23.3.25",
        "@vaadin/vaadin-themable-mixin": "~23.3.25"
      }
    },
    "@webcomponents/shadycss": {
      "version": "1.11.2",
      "resolved": "https://registry.npmjs.org/@webcomponents/shadycss/-/shadycss-1.11.2.tgz",
      "integrity": "sha512-vRq+GniJAYSBmTRnhCYPAPq6THYqovJ/gzGThWbgEZUQaBccndGTi1hdiUP15HzEco0I6t4RCtXyX0rsSmwgPw=="
    },
    "esbuild": {
      "version": "0.18.20",
      "resolved": "https://registry.npmjs.org/esbuild/-/esbuild-0.18.20.tgz",
      "integrity": "sha512-ceqxoedUrcayh7Y7ZX6NdbbDzGROiyVBgC4PriJThBKSVPWnnFHZAkfI1lJT8QFkOwH4qOS2SJkS4wvpGl8BpA==",
      "dev": true,
      "requires": {
        "@esbuild/android-arm": "0.18.20",
        "@esbuild/android-arm64": "0.18.20",
        "@esbuild/android-x64": "0.18.20",
        "@esbuild/darwin-arm64": "0.18.20",
        "@esbuild/darwin-x64": "0.18.20",
        "@esbuild/freebsd-arm64": "0.18.20",
        "@esbuild/freebsd-x64": "0.18.20",
        "@esbuild/linux-arm": "0.18.20",
        "@esbuild/linux-arm64": "0.18.20",
        "@esbuild/linux-ia32": "0.18.20",
        "@esbuild/linux-loong64": "0.18.20",
        "@esbuild/linux-mips64el": "0.18.20",
        "@esbuild/linux-ppc64": "0.18.20",
        "@esbuild/linux-riscv64": "0.18.20",
        "@esbuild/linux-s390x": "0.18.20",
        "@esbuild/linux-x64": "0.18.20",
        "@esbuild/netbsd-x64": "0.18.20",
        "@esbuild/openbsd-x64": "0.18.20",
        "@esbuild/sunos-x64": "0.18.20",
        "@esbuild/win32-arm64": "0.18.20",
        "@esbuild/win32-ia32": "0.18.20",
        "@esbuild/win32-x64": "0.18.20"
      }
    },
    "fsevents": {
      "version": "2.3.3",
      "resolved": "https://registry.npmjs.org/fsevents/-/fsevents-2.3.3.tgz",
      "integrity": "sha512-5xoDfX+fL7faATnagmWPpbFtwh/R77WmMMqqHGS65C3vvB0YHrgF+B1YmZ3441tMj5n63k0212XNoJwzlhffQw==",
      "dev": true,
      "optional": true
    },
    "lit": {
      "version": "2.8.0",
      "resolved": "https://registry.npmjs.org/lit/-/lit-2.8.0.tgz",
      "integrity": "sha512-4Sc3OFX9QHOJaHbmTMk28SYgVxLN3ePDjg7hofEft2zWlehFL3LiAuapWc4U/kYwMYJSh2hTCPZ6/LIC7ii0MA==",
      "requires": {
        "@lit/reactive-element": "^1.6.0",
        "lit-element": "^3.3.0",
        "lit-html": "^2.8.0"
      }
    },
    "lit-element": {
      "version": "3.3.3",
      "resolved": "https://registry.npmjs.org/lit-element/-/lit-element-3.3.3.tgz",
      "integrity": "sha512-XbeRxmTHubXENkV4h8RIPyr8lXc+Ff28rkcQzw3G6up2xg5E8Zu1IgOWIwBLEQsu3cOVFqdYwiVi0hv0SlpqUA==",
      "requires": {
        "@lit-labs/ssr-dom-shim": "^1.1.0",
        "@lit/reactive-element": "^1.3.0",
        "lit-html": "^2.8.0"
      }
    },
    "lit-html": {
      "version": "2.8.0",
      "resolved": "https://registry.npmjs.org/lit-html/-/lit-html-2.8.0.tgz",
      "integrity": "sha512-o9t+MQM3P4y7M7yNzqAyjp7z+mQGa4NS4CxiyLqFPyFWyc4O+nodLrkrxSaCTrla6M5YOLaT3RpbbqjszB5g3Q==",
      "requires": {
        "@types/trusted-types": "^2.0.2"
      }
    },
    "mobx": {
      "version": "6.10.2",
      "resolved": "https://registry.npmjs.org/mobx/-/mobx-6.10.2.tgz",
      "integrity": "sha512-B1UGC3ieK3boCjnMEcZSwxqRDMdzX65H/8zOHbuTY8ZhvrIjTUoLRR2TP2bPqIgYRfb3+dUigu8yMZufNjn0LQ=="
    },
    "nanoid": {
      "version": "3.3.6",
      "resolved": "https://registry.npmjs.org/nanoid/-/nanoid-3.3.6.tgz",
      "integrity": "sha512-BGcqMMJuToF7i1rt+2PWSNVnWIkGCU78jBG3RxO/bZlnZPK2Cmi2QaffxGO/2RvWi9sL+FAiRiXMgsyxQ1DIDA==",
      "dev": true
    },
    "picocolors": {
      "version": "1.0.0",
      "resolved": "https://registry.npmjs.org/picocolors/-/picocolors-1.0.0.tgz",
      "integrity": "sha512-1fygroTLlHu66zi26VoTDv8yRgm0Fccecssto+MhsZ0D/DGW2sm8E8AjW7NU5VVTRt5GxbeZ5qBuJr+HyLYkjQ==",
      "dev": true
    },
    "postcss": {
      "version": "8.4.31",
      "resolved": "https://registry.npmjs.org/postcss/-/postcss-8.4.31.tgz",
      "integrity": "sha512-PS08Iboia9mts/2ygV3eLpY5ghnUcfLV/EXTOW1E2qYxJKGGBUtNjN76FYHnMs36RmARn41bC0AZmn+rR0OVpQ==",
      "dev": true,
      "requires": {
        "nanoid": "^3.3.6",
        "picocolors": "^1.0.0",
        "source-map-js": "^1.0.2"
      }
    },
    "pretty-bytes": {
      "version": "6.1.1",
      "resolved": "https://registry.npmjs.org/pretty-bytes/-/pretty-bytes-6.1.1.tgz",
      "integrity": "sha512-mQUvGU6aUFQ+rNvTIAcZuWGRT9a6f6Yrg9bHs4ImKF+HZCEK+plBvnAZYSIQztknZF2qnzNtr6F8s0+IuptdlQ=="
    },
    "rollup": {
      "version": "3.29.4",
      "resolved": "https://registry.npmjs.org/rollup/-/rollup-3.29.4.tgz",
      "integrity": "sha512-oWzmBZwvYrU0iJHtDmhsm662rC15FRXmcjCk1xD771dFDx5jJ02ufAQQTn0etB2emNk4J9EZg/yWKpsn9BWGRw==",
      "dev": true,
      "requires": {
        "fsevents": "~2.3.2"
      }
    },
    "source-map-js": {
      "version": "1.0.2",
      "resolved": "https://registry.npmjs.org/source-map-js/-/source-map-js-1.0.2.tgz",
      "integrity": "sha512-R0XvVJ9WusLiqTCEiGCmICCMplcCkIwwR11mOSD9CR5u+IXYdiseeEuXCVAjS54zqwkLcPNnmU4OeJ6tUrWhDw==",
      "dev": true
    },
    "typescript": {
      "version": "5.2.2",
      "resolved": "https://registry.npmjs.org/typescript/-/typescript-5.2.2.tgz",
      "integrity": "sha512-mI4WrpHsbCIcwT9cF4FZvr80QUeKvsUsUvKDoR+X/7XHQH98xYD8YHZg7ANtz2GtZt/CBq2QJ0thkGJMHfqc1w==",
      "dev": true
    },
    "vite": {
      "version": "4.4.11",
      "resolved": "https://registry.npmjs.org/vite/-/vite-4.4.11.tgz",
      "integrity": "sha512-ksNZJlkcU9b0lBwAGZGGaZHCMqHsc8OpgtoYhsQ4/I2v5cnpmmmqe5pM4nv/4Hn6G/2GhTdj0DhZh2e+Er1q5A==",
      "dev": true,
      "requires": {
        "esbuild": "^0.18.10",
        "fsevents": "~2.3.2",
        "postcss": "^8.4.27",
        "rollup": "^3.27.1"
      }
    }
  }
}
