{
  "name": "restic-browser",
  "version": "0.3.0",
  "lockfileVersion": 3,
  "requires": true,
  "packages": {
    "": {
      "name": "restic-browser",
      "version": "0.3.0",
      "dependencies": {
        "@adobe/lit-mobx": "^2.2",
        "@tauri-apps/api": "^1.5",
        "@vaadin/button": "^23.3",
        "@vaadin/dialog": "^23.3",
        "@vaadin/grid": "^23.3",
        "@vaadin/horizontal-layout": "^23.3",
        "@vaadin/icons": "^23.3",
        "@vaadin/notification": "^23.3",
        "@vaadin/password-field": "^23.3",
        "@vaadin/select": "^23.3",
        "@vaadin/split-layout": "^23.3",
        "@vaadin/text-field": "^23.3",
        "@vaadin/vertical-layout": "^23.3",
        "lit": "^2.8",
        "mobx": "^6.10",
        "pretty-bytes": "^6.1"
      },
      "devDependencies": {
        "@tauri-apps/cli": "^1.5",
        "@types/node": "^20.10",
        "typescript": "^5.2",
        "vite": "^4.5"
      }
    },
    "node_modules/@adobe/lit-mobx": {
      "version": "2.2.2",
      "resolved": "https://registry.npmjs.org/@adobe/lit-mobx/-/lit-mobx-2.2.2.tgz",
      "integrity": "sha512-TKmaEgu0m8dxydo0cAhJ5qaNoa/moQr8I3E9DtxVb0OSu/huXps+gUg/6oz7sYllcSl4KFZtzfyfx7EstbQ9tw==",
      "peerDependencies": {
        "lit": "^2.0.0 || ^3.0.0",
        "mobx": "^5.0.0 || ^6.0.0"
      }
    },
    "node_modules/@esbuild/android-arm": {
      "version": "0.18.20",
      "resolved": "https://registry.npmjs.org/@esbuild/android-arm/-/android-arm-0.18.20.tgz",
      "integrity": "sha512-fyi7TDI/ijKKNZTUJAQqiG5T7YjJXgnzkURqmGj13C6dCqckZBLdl4h7bkhHt/t0WP+zO9/zwroDvANaOqO5Sw==",
      "cpu": [
        "arm"
      ],
      "dev": true,
      "optional": true,
      "os": [
        "android"
      ],
      "engines": {
        "node": ">=12"
      }
    },
    "node_modules/@esbuild/android-arm64": {
      "version": "0.18.20",
      "resolved": "https://registry.npmjs.org/@esbuild/android-arm64/-/android-arm64-0.18.20.tgz",
      "integrity": "sha512-Nz4rJcchGDtENV0eMKUNa6L12zz2zBDXuhj/Vjh18zGqB44Bi7MBMSXjgunJgjRhCmKOjnPuZp4Mb6OKqtMHLQ==",
      "cpu": [
        "arm64"
      ],
      "dev": true,
      "optional": true,
      "os": [
        "android"
      ],
      "engines": {
        "node": ">=12"
      }
    },
    "node_modules/@esbuild/android-x64": {
      "version": "0.18.20",
      "resolved": "https://registry.npmjs.org/@esbuild/android-x64/-/android-x64-0.18.20.tgz",
      "integrity": "sha512-8GDdlePJA8D6zlZYJV/jnrRAi6rOiNaCC/JclcXpB+KIuvfBN4owLtgzY2bsxnx666XjJx2kDPUmnTtR8qKQUg==",
      "cpu": [
        "x64"
      ],
      "dev": true,
      "optional": true,
      "os": [
        "android"
      ],
      "engines": {
        "node": ">=12"
      }
    },
    "node_modules/@esbuild/darwin-arm64": {
      "version": "0.18.20",
      "resolved": "https://registry.npmjs.org/@esbuild/darwin-arm64/-/darwin-arm64-0.18.20.tgz",
      "integrity": "sha512-bxRHW5kHU38zS2lPTPOyuyTm+S+eobPUnTNkdJEfAddYgEcll4xkT8DB9d2008DtTbl7uJag2HuE5NZAZgnNEA==",
      "cpu": [
        "arm64"
      ],
      "dev": true,
      "optional": true,
      "os": [
        "darwin"
      ],
      "engines": {
        "node": ">=12"
      }
    },
    "node_modules/@esbuild/darwin-x64": {
      "version": "0.18.20",
      "resolved": "https://registry.npmjs.org/@esbuild/darwin-x64/-/darwin-x64-0.18.20.tgz",
      "integrity": "sha512-pc5gxlMDxzm513qPGbCbDukOdsGtKhfxD1zJKXjCCcU7ju50O7MeAZ8c4krSJcOIJGFR+qx21yMMVYwiQvyTyQ==",
      "cpu": [
        "x64"
      ],
      "dev": true,
      "optional": true,
      "os": [
        "darwin"
      ],
      "engines": {
        "node": ">=12"
      }
    },
    "node_modules/@esbuild/freebsd-arm64": {
      "version": "0.18.20",
      "resolved": "https://registry.npmjs.org/@esbuild/freebsd-arm64/-/freebsd-arm64-0.18.20.tgz",
      "integrity": "sha512-yqDQHy4QHevpMAaxhhIwYPMv1NECwOvIpGCZkECn8w2WFHXjEwrBn3CeNIYsibZ/iZEUemj++M26W3cNR5h+Tw==",
      "cpu": [
        "arm64"
      ],
      "dev": true,
      "optional": true,
      "os": [
        "freebsd"
      ],
      "engines": {
        "node": ">=12"
      }
    },
    "node_modules/@esbuild/freebsd-x64": {
      "version": "0.18.20",
      "resolved": "https://registry.npmjs.org/@esbuild/freebsd-x64/-/freebsd-x64-0.18.20.tgz",
      "integrity": "sha512-tgWRPPuQsd3RmBZwarGVHZQvtzfEBOreNuxEMKFcd5DaDn2PbBxfwLcj4+aenoh7ctXcbXmOQIn8HI6mCSw5MQ==",
      "cpu": [
        "x64"
      ],
      "dev": true,
      "optional": true,
      "os": [
        "freebsd"
      ],
      "engines": {
        "node": ">=12"
      }
    },
    "node_modules/@esbuild/linux-arm": {
      "version": "0.18.20",
      "resolved": "https://registry.npmjs.org/@esbuild/linux-arm/-/linux-arm-0.18.20.tgz",
      "integrity": "sha512-/5bHkMWnq1EgKr1V+Ybz3s1hWXok7mDFUMQ4cG10AfW3wL02PSZi5kFpYKrptDsgb2WAJIvRcDm+qIvXf/apvg==",
      "cpu": [
        "arm"
      ],
      "dev": true,
      "optional": true,
      "os": [
        "linux"
      ],
      "engines": {
        "node": ">=12"
      }
    },
    "node_modules/@esbuild/linux-arm64": {
      "version": "0.18.20",
      "resolved": "https://registry.npmjs.org/@esbuild/linux-arm64/-/linux-arm64-0.18.20.tgz",
      "integrity": "sha512-2YbscF+UL7SQAVIpnWvYwM+3LskyDmPhe31pE7/aoTMFKKzIc9lLbyGUpmmb8a8AixOL61sQ/mFh3jEjHYFvdA==",
      "cpu": [
        "arm64"
      ],
      "dev": true,
      "optional": true,
      "os": [
        "linux"
      ],
      "engines": {
        "node": ">=12"
      }
    },
    "node_modules/@esbuild/linux-ia32": {
      "version": "0.18.20",
      "resolved": "https://registry.npmjs.org/@esbuild/linux-ia32/-/linux-ia32-0.18.20.tgz",
      "integrity": "sha512-P4etWwq6IsReT0E1KHU40bOnzMHoH73aXp96Fs8TIT6z9Hu8G6+0SHSw9i2isWrD2nbx2qo5yUqACgdfVGx7TA==",
      "cpu": [
        "ia32"
      ],
      "dev": true,
      "optional": true,
      "os": [
        "linux"
      ],
      "engines": {
        "node": ">=12"
      }
    },
    "node_modules/@esbuild/linux-loong64": {
      "version": "0.18.20",
      "resolved": "https://registry.npmjs.org/@esbuild/linux-loong64/-/linux-loong64-0.18.20.tgz",
      "integrity": "sha512-nXW8nqBTrOpDLPgPY9uV+/1DjxoQ7DoB2N8eocyq8I9XuqJ7BiAMDMf9n1xZM9TgW0J8zrquIb/A7s3BJv7rjg==",
      "cpu": [
        "loong64"
      ],
      "dev": true,
      "optional": true,
      "os": [
        "linux"
      ],
      "engines": {
        "node": ">=12"
      }
    },
    "node_modules/@esbuild/linux-mips64el": {
      "version": "0.18.20",
      "resolved": "https://registry.npmjs.org/@esbuild/linux-mips64el/-/linux-mips64el-0.18.20.tgz",
      "integrity": "sha512-d5NeaXZcHp8PzYy5VnXV3VSd2D328Zb+9dEq5HE6bw6+N86JVPExrA6O68OPwobntbNJ0pzCpUFZTo3w0GyetQ==",
      "cpu": [
        "mips64el"
      ],
      "dev": true,
      "optional": true,
      "os": [
        "linux"
      ],
      "engines": {
        "node": ">=12"
      }
    },
    "node_modules/@esbuild/linux-ppc64": {
      "version": "0.18.20",
      "resolved": "https://registry.npmjs.org/@esbuild/linux-ppc64/-/linux-ppc64-0.18.20.tgz",
      "integrity": "sha512-WHPyeScRNcmANnLQkq6AfyXRFr5D6N2sKgkFo2FqguP44Nw2eyDlbTdZwd9GYk98DZG9QItIiTlFLHJHjxP3FA==",
      "cpu": [
        "ppc64"
      ],
      "dev": true,
      "optional": true,
      "os": [
        "linux"
      ],
      "engines": {
        "node": ">=12"
      }
    },
    "node_modules/@esbuild/linux-riscv64": {
      "version": "0.18.20",
      "resolved": "https://registry.npmjs.org/@esbuild/linux-riscv64/-/linux-riscv64-0.18.20.tgz",
      "integrity": "sha512-WSxo6h5ecI5XH34KC7w5veNnKkju3zBRLEQNY7mv5mtBmrP/MjNBCAlsM2u5hDBlS3NGcTQpoBvRzqBcRtpq1A==",
      "cpu": [
        "riscv64"
      ],
      "dev": true,
      "optional": true,
      "os": [
        "linux"
      ],
      "engines": {
        "node": ">=12"
      }
    },
    "node_modules/@esbuild/linux-s390x": {
      "version": "0.18.20",
      "resolved": "https://registry.npmjs.org/@esbuild/linux-s390x/-/linux-s390x-0.18.20.tgz",
      "integrity": "sha512-+8231GMs3mAEth6Ja1iK0a1sQ3ohfcpzpRLH8uuc5/KVDFneH6jtAJLFGafpzpMRO6DzJ6AvXKze9LfFMrIHVQ==",
      "cpu": [
        "s390x"
      ],
      "dev": true,
      "optional": true,
      "os": [
        "linux"
      ],
      "engines": {
        "node": ">=12"
      }
    },
    "node_modules/@esbuild/linux-x64": {
      "version": "0.18.20",
      "resolved": "https://registry.npmjs.org/@esbuild/linux-x64/-/linux-x64-0.18.20.tgz",
      "integrity": "sha512-UYqiqemphJcNsFEskc73jQ7B9jgwjWrSayxawS6UVFZGWrAAtkzjxSqnoclCXxWtfwLdzU+vTpcNYhpn43uP1w==",
      "cpu": [
        "x64"
      ],
      "dev": true,
      "optional": true,
      "os": [
        "linux"
      ],
      "engines": {
        "node": ">=12"
      }
    },
    "node_modules/@esbuild/netbsd-x64": {
      "version": "0.18.20",
      "resolved": "https://registry.npmjs.org/@esbuild/netbsd-x64/-/netbsd-x64-0.18.20.tgz",
      "integrity": "sha512-iO1c++VP6xUBUmltHZoMtCUdPlnPGdBom6IrO4gyKPFFVBKioIImVooR5I83nTew5UOYrk3gIJhbZh8X44y06A==",
      "cpu": [
        "x64"
      ],
      "dev": true,
      "optional": true,
      "os": [
        "netbsd"
      ],
      "engines": {
        "node": ">=12"
      }
    },
    "node_modules/@esbuild/openbsd-x64": {
      "version": "0.18.20",
      "resolved": "https://registry.npmjs.org/@esbuild/openbsd-x64/-/openbsd-x64-0.18.20.tgz",
      "integrity": "sha512-e5e4YSsuQfX4cxcygw/UCPIEP6wbIL+se3sxPdCiMbFLBWu0eiZOJ7WoD+ptCLrmjZBK1Wk7I6D/I3NglUGOxg==",
      "cpu": [
        "x64"
      ],
      "dev": true,
      "optional": true,
      "os": [
        "openbsd"
      ],
      "engines": {
        "node": ">=12"
      }
    },
    "node_modules/@esbuild/sunos-x64": {
      "version": "0.18.20",
      "resolved": "https://registry.npmjs.org/@esbuild/sunos-x64/-/sunos-x64-0.18.20.tgz",
      "integrity": "sha512-kDbFRFp0YpTQVVrqUd5FTYmWo45zGaXe0X8E1G/LKFC0v8x0vWrhOWSLITcCn63lmZIxfOMXtCfti/RxN/0wnQ==",
      "cpu": [
        "x64"
      ],
      "dev": true,
      "optional": true,
      "os": [
        "sunos"
      ],
      "engines": {
        "node": ">=12"
      }
    },
    "node_modules/@esbuild/win32-arm64": {
      "version": "0.18.20",
      "resolved": "https://registry.npmjs.org/@esbuild/win32-arm64/-/win32-arm64-0.18.20.tgz",
      "integrity": "sha512-ddYFR6ItYgoaq4v4JmQQaAI5s7npztfV4Ag6NrhiaW0RrnOXqBkgwZLofVTlq1daVTQNhtI5oieTvkRPfZrePg==",
      "cpu": [
        "arm64"
      ],
      "dev": true,
      "optional": true,
      "os": [
        "win32"
      ],
      "engines": {
        "node": ">=12"
      }
    },
    "node_modules/@esbuild/win32-ia32": {
      "version": "0.18.20",
      "resolved": "https://registry.npmjs.org/@esbuild/win32-ia32/-/win32-ia32-0.18.20.tgz",
      "integrity": "sha512-Wv7QBi3ID/rROT08SABTS7eV4hX26sVduqDOTe1MvGMjNd3EjOz4b7zeexIR62GTIEKrfJXKL9LFxTYgkyeu7g==",
      "cpu": [
        "ia32"
      ],
      "dev": true,
      "optional": true,
      "os": [
        "win32"
      ],
      "engines": {
        "node": ">=12"
      }
    },
    "node_modules/@esbuild/win32-x64": {
      "version": "0.18.20",
      "resolved": "https://registry.npmjs.org/@esbuild/win32-x64/-/win32-x64-0.18.20.tgz",
      "integrity": "sha512-kTdfRcSiDfQca/y9QIkng02avJ+NCaQvrMejlsB3RRv5sE9rRoeBPISaZpKxHELzRxZyLvNts1P27W3wV+8geQ==",
      "cpu": [
        "x64"
      ],
      "dev": true,
      "optional": true,
      "os": [
        "win32"
      ],
      "engines": {
        "node": ">=12"
      }
    },
    "node_modules/@lit-labs/ssr-dom-shim": {
      "version": "1.2.0",
      "resolved": "https://registry.npmjs.org/@lit-labs/ssr-dom-shim/-/ssr-dom-shim-1.2.0.tgz",
      "integrity": "sha512-yWJKmpGE6lUURKAaIltoPIE/wrbY3TEkqQt+X0m+7fQNnAv0keydnYvbiJFP1PnMhizmIWRWOG5KLhYyc/xl+g=="
    },
    "node_modules/@lit/reactive-element": {
      "version": "1.6.3",
      "resolved": "https://registry.npmjs.org/@lit/reactive-element/-/reactive-element-1.6.3.tgz",
      "integrity": "sha512-QuTgnG52Poic7uM1AN5yJ09QMe0O28e10XzSvWDz02TJiiKee4stsiownEIadWm8nYzyDAyT+gKzUoZmiWQtsQ==",
      "dependencies": {
        "@lit-labs/ssr-dom-shim": "^1.0.0"
      }
    },
    "node_modules/@open-wc/dedupe-mixin": {
      "version": "1.4.0",
      "resolved": "https://registry.npmjs.org/@open-wc/dedupe-mixin/-/dedupe-mixin-1.4.0.tgz",
      "integrity": "sha512-Sj7gKl1TLcDbF7B6KUhtvr+1UCxdhMbNY5KxdU5IfMFWqL8oy1ZeAcCANjoB1TL0AJTcPmcCFsCbHf8X2jGDUA=="
    },
    "node_modules/@polymer/iron-flex-layout": {
      "version": "3.0.1",
      "resolved": "https://registry.npmjs.org/@polymer/iron-flex-layout/-/iron-flex-layout-3.0.1.tgz",
      "integrity": "sha512-7gB869czArF+HZcPTVSgvA7tXYFze9EKckvM95NB7SqYF+NnsQyhoXgKnpFwGyo95lUjUW9TFDLUwDXnCYFtkw==",
      "dependencies": {
        "@polymer/polymer": "^3.0.0"
      }
    },
    "node_modules/@polymer/iron-icon": {
      "version": "3.0.1",
      "resolved": "https://registry.npmjs.org/@polymer/iron-icon/-/iron-icon-3.0.1.tgz",
      "integrity": "sha512-QLPwirk+UPZNaLnMew9VludXA4CWUCenRewgEcGYwdzVgDPCDbXxy6vRJjmweZobMQv/oVLppT2JZtJFnPxX6g==",
      "dependencies": {
        "@polymer/iron-flex-layout": "^3.0.0-pre.26",
        "@polymer/iron-meta": "^3.0.0-pre.26",
        "@polymer/polymer": "^3.0.0"
      }
    },
    "node_modules/@polymer/iron-iconset-svg": {
      "version": "3.0.1",
      "resolved": "https://registry.npmjs.org/@polymer/iron-iconset-svg/-/iron-iconset-svg-3.0.1.tgz",
      "integrity": "sha512-XNwURbNHRw6u2fJe05O5fMYye6GSgDlDqCO+q6K1zAnKIrpgZwf2vTkBd5uCcZwsN0FyCB3mvNZx4jkh85dRDw==",
      "dependencies": {
        "@polymer/iron-meta": "^3.0.0-pre.26",
        "@polymer/polymer": "^3.0.0"
      }
    },
    "node_modules/@polymer/iron-meta": {
      "version": "3.0.1",
      "resolved": "https://registry.npmjs.org/@polymer/iron-meta/-/iron-meta-3.0.1.tgz",
      "integrity": "sha512-pWguPugiLYmWFV9UWxLWzZ6gm4wBwQdDy4VULKwdHCqR7OP7u98h+XDdGZsSlDPv6qoryV/e3tGHlTIT0mbzJA==",
      "dependencies": {
        "@polymer/polymer": "^3.0.0"
      }
    },
    "node_modules/@polymer/polymer": {
      "version": "3.5.1",
      "resolved": "https://registry.npmjs.org/@polymer/polymer/-/polymer-3.5.1.tgz",
      "integrity": "sha512-JlAHuy+1qIC6hL1ojEUfIVD58fzTpJAoCxFwV5yr0mYTXV1H8bz5zy0+rC963Cgr9iNXQ4T9ncSjC2fkF9BQfw==",
      "dependencies": {
        "@webcomponents/shadycss": "^1.9.1"
      }
    },
    "node_modules/@tauri-apps/api": {
      "version": "1.5.6",
      "resolved": "https://registry.npmjs.org/@tauri-apps/api/-/api-1.5.6.tgz",
      "integrity": "sha512-LH5ToovAHnDVe5Qa9f/+jW28I6DeMhos8bNDtBOmmnaDpPmJmYLyHdeDblAWWWYc7KKRDg9/66vMuKyq0WIeFA==",
      "engines": {
        "node": ">= 14.6.0",
        "npm": ">= 6.6.0",
        "yarn": ">= 1.19.1"
      },
      "funding": {
        "type": "opencollective",
        "url": "https://opencollective.com/tauri"
      }
    },
    "node_modules/@tauri-apps/cli": {
      "version": "1.5.14",
      "resolved": "https://registry.npmjs.org/@tauri-apps/cli/-/cli-1.5.14.tgz",
      "integrity": "sha512-JOSMKymlg116UdEXSj69eg5p1OtZnQkUE0qIGbtNDO1sk3X/KgBN6+oHBW0BzPStp/W0AjBgrMWCqjHPwEpOug==",
      "dev": true,
      "bin": {
        "tauri": "tauri.js"
      },
      "engines": {
        "node": ">= 10"
      },
      "funding": {
        "type": "opencollective",
        "url": "https://opencollective.com/tauri"
      },
      "optionalDependencies": {
        "@tauri-apps/cli-darwin-arm64": "1.5.14",
        "@tauri-apps/cli-darwin-x64": "1.5.14",
        "@tauri-apps/cli-linux-arm-gnueabihf": "1.5.14",
        "@tauri-apps/cli-linux-arm64-gnu": "1.5.14",
        "@tauri-apps/cli-linux-arm64-musl": "1.5.14",
        "@tauri-apps/cli-linux-x64-gnu": "1.5.14",
        "@tauri-apps/cli-linux-x64-musl": "1.5.14",
        "@tauri-apps/cli-win32-arm64-msvc": "1.5.14",
        "@tauri-apps/cli-win32-ia32-msvc": "1.5.14",
        "@tauri-apps/cli-win32-x64-msvc": "1.5.14"
      }
    },
    "node_modules/@tauri-apps/cli-darwin-arm64": {
      "version": "1.5.14",
      "resolved": "https://registry.npmjs.org/@tauri-apps/cli-darwin-arm64/-/cli-darwin-arm64-1.5.14.tgz",
      "integrity": "sha512-lxoSOp3KKSqzHJa7iT32dukPGMlfsTuja1xXSgwR8o/fqzpYJY7FY/3ZxesP8HR66FcK+vtqa//HNqeOQ0mHkA==",
      "cpu": [
        "arm64"
      ],
      "dev": true,
      "optional": true,
      "os": [
        "darwin"
      ],
      "engines": {
        "node": ">= 10"
      }
    },
    "node_modules/@tauri-apps/cli-darwin-x64": {
      "version": "1.5.14",
      "resolved": "https://registry.npmjs.org/@tauri-apps/cli-darwin-x64/-/cli-darwin-x64-1.5.14.tgz",
      "integrity": "sha512-EXSwN1n5spfG8FoXuyc90ACtmDJXzaZ1gxyENaq9xEpQoo7j/Q1vb6qXxmr6azKr8zmqY4h08ZFbv3exh93xJg==",
      "cpu": [
        "x64"
      ],
      "dev": true,
      "optional": true,
      "os": [
        "darwin"
      ],
      "engines": {
        "node": ">= 10"
      }
    },
    "node_modules/@tauri-apps/cli-linux-arm-gnueabihf": {
      "version": "1.5.14",
      "resolved": "https://registry.npmjs.org/@tauri-apps/cli-linux-arm-gnueabihf/-/cli-linux-arm-gnueabihf-1.5.14.tgz",
      "integrity": "sha512-Yb8BH/KYR7Tl+de40sZPfrqbhcU3Jlu+UPIrnXt05sjn48xqIps74Xjz8zzVp0TuHxUp8FmIGtCVhQgsbrsvvg==",
      "cpu": [
        "arm"
      ],
      "dev": true,
      "optional": true,
      "os": [
        "linux"
      ],
      "engines": {
        "node": ">= 10"
      }
    },
    "node_modules/@tauri-apps/cli-linux-arm64-gnu": {
      "version": "1.5.14",
      "resolved": "https://registry.npmjs.org/@tauri-apps/cli-linux-arm64-gnu/-/cli-linux-arm64-gnu-1.5.14.tgz",
      "integrity": "sha512-QrKHP4gRaHiup478rPBZ+BmNd88yze9jMmheoNy9mN1K/aECRmTHO+tWhsxv5moFHZzRhO0QDWxxvTtiaPXaGg==",
      "cpu": [
        "arm64"
      ],
      "dev": true,
      "optional": true,
      "os": [
        "linux"
      ],
      "engines": {
        "node": ">= 10"
      }
    },
    "node_modules/@tauri-apps/cli-linux-arm64-musl": {
      "version": "1.5.14",
      "resolved": "https://registry.npmjs.org/@tauri-apps/cli-linux-arm64-musl/-/cli-linux-arm64-musl-1.5.14.tgz",
      "integrity": "sha512-Hb1C1VMxmUcyGjW/K/INKF87zzzgLEVRmWZZnQd7M1P4uue4xPyIwUELSdX12Z2jREPgmLW4AXPD0m6wsNu7iw==",
      "cpu": [
        "arm64"
      ],
      "dev": true,
      "optional": true,
      "os": [
        "linux"
      ],
      "engines": {
        "node": ">= 10"
      }
    },
    "node_modules/@tauri-apps/cli-linux-x64-gnu": {
      "version": "1.5.14",
      "resolved": "https://registry.npmjs.org/@tauri-apps/cli-linux-x64-gnu/-/cli-linux-x64-gnu-1.5.14.tgz",
      "integrity": "sha512-kD9v/UwPDuhIgq2TJj/s2/7rqk+vmExVV6xHPKI8vVbIvlNAOZqmx3fpxjej1241vhJ/piGd/m6q6YMWGsL0oQ==",
      "cpu": [
        "x64"
      ],
      "dev": true,
      "optional": true,
      "os": [
        "linux"
      ],
      "engines": {
        "node": ">= 10"
      }
    },
    "node_modules/@tauri-apps/cli-linux-x64-musl": {
      "version": "1.5.14",
      "resolved": "https://registry.npmjs.org/@tauri-apps/cli-linux-x64-musl/-/cli-linux-x64-musl-1.5.14.tgz",
      "integrity": "sha512-204Drgg9Zx0+THKndqASz4+iPCwqA3gQVF9C0CDIArNXrjPyJjVvW8VP5CHiZYaTNWxlz/ltyxluM6UFWbXNFw==",
      "cpu": [
        "x64"
      ],
      "dev": true,
      "optional": true,
      "os": [
        "linux"
      ],
      "engines": {
        "node": ">= 10"
      }
    },
    "node_modules/@tauri-apps/cli-win32-arm64-msvc": {
      "version": "1.5.14",
      "resolved": "https://registry.npmjs.org/@tauri-apps/cli-win32-arm64-msvc/-/cli-win32-arm64-msvc-1.5.14.tgz",
      "integrity": "sha512-sqPSni2MnWNCm+8YZnLdWCclxfSHaYqKuPFSz8q7Tn1G1m/cA9gyPoC1G0esHftY7bu/ZM5lB4kM3I4U0KlLiA==",
      "cpu": [
        "arm64"
      ],
      "dev": true,
      "optional": true,
      "os": [
        "win32"
      ],
      "engines": {
        "node": ">= 10"
      }
    },
    "node_modules/@tauri-apps/cli-win32-ia32-msvc": {
      "version": "1.5.14",
      "resolved": "https://registry.npmjs.org/@tauri-apps/cli-win32-ia32-msvc/-/cli-win32-ia32-msvc-1.5.14.tgz",
      "integrity": "sha512-8xN8W0zTs8oFsQmvYLxHFeqhzVI7oTaPK1xQMc5gbpFP45jN41c21aCXfjnvzT+h90EfCHUF9EWj2HTEJSb7Iw==",
      "cpu": [
        "ia32"
      ],
      "dev": true,
      "optional": true,
      "os": [
        "win32"
      ],
      "engines": {
        "node": ">= 10"
      }
    },
    "node_modules/@tauri-apps/cli-win32-x64-msvc": {
      "version": "1.5.14",
      "resolved": "https://registry.npmjs.org/@tauri-apps/cli-win32-x64-msvc/-/cli-win32-x64-msvc-1.5.14.tgz",
      "integrity": "sha512-U0slee5tNM2PYECBpPHavLSwkT3szGMZ+qhcikQQbDan84bQdLn/kHWjyXOgLJs4KSve4+KxcrN+AVqj0VyHnw==",
      "cpu": [
        "x64"
      ],
      "dev": true,
      "optional": true,
      "os": [
        "win32"
      ],
      "engines": {
        "node": ">= 10"
      }
    },
    "node_modules/@types/node": {
      "version": "20.12.13",
      "resolved": "https://registry.npmjs.org/@types/node/-/node-20.12.13.tgz",
      "integrity": "sha512-gBGeanV41c1L171rR7wjbMiEpEI/l5XFQdLLfhr/REwpgDy/4U8y89+i8kRiLzDyZdOkXh+cRaTetUnCYutoXA==",
      "dev": true,
      "dependencies": {
        "undici-types": "~5.26.4"
      }
    },
    "node_modules/@types/trusted-types": {
      "version": "2.0.7",
      "resolved": "https://registry.npmjs.org/@types/trusted-types/-/trusted-types-2.0.7.tgz",
      "integrity": "sha512-ScaPdn1dQczgbl0QFTeTOmVHFULt394XJgOQNoyVhZ6r2vLnMLJfBPd53SB52T/3G36VI1/g2MZaX0cwDuXsfw=="
    },
    "node_modules/@vaadin/button": {
      "version": "23.5.1",
      "resolved": "https://registry.npmjs.org/@vaadin/button/-/button-23.5.1.tgz",
      "integrity": "sha512-0UP18fBuGC4vGBaBuh3+gWnpkWj17HzP56e6GEXmB4hRiPknEOaJ3ztPm4/dPZP/lJbZIE9Ce8RzP5fpfi3m4A==",
      "dependencies": {
        "@open-wc/dedupe-mixin": "^1.3.0",
        "@polymer/polymer": "^3.0.0",
        "@vaadin/component-base": "~23.5.1",
        "@vaadin/vaadin-lumo-styles": "~23.5.1",
        "@vaadin/vaadin-material-styles": "~23.5.1",
        "@vaadin/vaadin-themable-mixin": "~23.5.1"
      }
    },
    "node_modules/@vaadin/checkbox": {
      "version": "23.5.1",
      "resolved": "https://registry.npmjs.org/@vaadin/checkbox/-/checkbox-23.5.1.tgz",
      "integrity": "sha512-KlrAje9OiiUPMze47aHK3xDCosH7x2AR0ha5as7xBuQLqOMMGbmKhN8rZKepdOZbCPPPAGFg5l8oXtxXfpgxmg==",
      "dependencies": {
        "@polymer/polymer": "^3.0.0",
        "@vaadin/component-base": "~23.5.1",
        "@vaadin/field-base": "~23.5.1",
        "@vaadin/vaadin-lumo-styles": "~23.5.1",
        "@vaadin/vaadin-material-styles": "~23.5.1",
        "@vaadin/vaadin-themable-mixin": "~23.5.1"
      }
    },
    "node_modules/@vaadin/component-base": {
      "version": "23.5.1",
      "resolved": "https://registry.npmjs.org/@vaadin/component-base/-/component-base-23.5.1.tgz",
      "integrity": "sha512-K/beIrsgNn0ZIYkiG9rtIIu5S9Rb67x3ekrJYrWBfBErjhL0HBCfWSOtxyr2H2KB9eWFHm750+JHZ/CgfNg/Ag==",
      "dependencies": {
        "@open-wc/dedupe-mixin": "^1.3.0",
        "@polymer/polymer": "^3.0.0",
        "@vaadin/vaadin-development-mode-detector": "^2.0.0",
        "@vaadin/vaadin-usage-statistics": "^2.1.0",
        "lit": "^2.0.0"
      }
    },
    "node_modules/@vaadin/dialog": {
      "version": "23.5.1",
      "resolved": "https://registry.npmjs.org/@vaadin/dialog/-/dialog-23.5.1.tgz",
      "integrity": "sha512-6Gddo8i1OmKR+ezvtOmGP1bPUTxhyXFGc5Q0nQAs7NKn27LI2M17aOZZARYdaFigBrazupNVdaEWgpqsB9tkoQ==",
      "dependencies": {
        "@open-wc/dedupe-mixin": "^1.3.0",
        "@polymer/polymer": "^3.0.0",
        "@vaadin/component-base": "~23.5.1",
        "@vaadin/lit-renderer": "~23.5.1",
        "@vaadin/overlay": "~23.5.1",
        "@vaadin/vaadin-lumo-styles": "~23.5.1",
        "@vaadin/vaadin-material-styles": "~23.5.1",
        "@vaadin/vaadin-themable-mixin": "~23.5.1"
      }
    },
    "node_modules/@vaadin/field-base": {
      "version": "23.5.1",
      "resolved": "https://registry.npmjs.org/@vaadin/field-base/-/field-base-23.5.1.tgz",
      "integrity": "sha512-zZGMys5Wl6ajrR0B2f70VkR1tPIeVjjyES9272pNTpd66g+0j+TJ2c4duwfKZ7Q6tW1T8JzPoSS1SWFrFbdrDQ==",
      "dependencies": {
        "@open-wc/dedupe-mixin": "^1.3.0",
        "@polymer/polymer": "^3.0.0",
        "@vaadin/component-base": "~23.5.1",
        "lit": "^2.0.0"
      }
    },
    "node_modules/@vaadin/grid": {
      "version": "23.5.1",
      "resolved": "https://registry.npmjs.org/@vaadin/grid/-/grid-23.5.1.tgz",
      "integrity": "sha512-K6qs6s4TTQQlXNv/JHGTkDJMvCQFsmzbO7bJxQ8m7OZWE+71ikU4gkZ89ZV/IElkPIFO8nzt6lNmOieKg7TLrQ==",
      "dependencies": {
        "@open-wc/dedupe-mixin": "^1.3.0",
        "@polymer/polymer": "^3.0.0",
        "@vaadin/checkbox": "~23.5.1",
        "@vaadin/component-base": "~23.5.1",
        "@vaadin/lit-renderer": "~23.5.1",
        "@vaadin/text-field": "~23.5.1",
        "@vaadin/vaadin-lumo-styles": "~23.5.1",
        "@vaadin/vaadin-material-styles": "~23.5.1",
        "@vaadin/vaadin-themable-mixin": "~23.5.1"
      }
    },
    "node_modules/@vaadin/horizontal-layout": {
      "version": "23.5.1",
      "resolved": "https://registry.npmjs.org/@vaadin/horizontal-layout/-/horizontal-layout-23.5.1.tgz",
      "integrity": "sha512-KVR0DpTnRyOm7Gz5XCUBRhquUM+0ysY+A7J+ehPBerHT89TzX7zl/9QF/tLVCiedrqIsz5L5vT8KSk35/7bR6A==",
      "dependencies": {
        "@polymer/polymer": "^3.0.0",
        "@vaadin/component-base": "~23.5.1",
        "@vaadin/vaadin-lumo-styles": "~23.5.1",
        "@vaadin/vaadin-material-styles": "~23.5.1",
        "@vaadin/vaadin-themable-mixin": "~23.5.1"
      }
    },
    "node_modules/@vaadin/icon": {
      "version": "23.5.1",
      "resolved": "https://registry.npmjs.org/@vaadin/icon/-/icon-23.5.1.tgz",
      "integrity": "sha512-mfpzEEhZVSgyiGtie0+Vzy4bEw/bShzXOpuj6BX83G5d98vxRIgHbLfumyNmcTYZ2hZSUuAch5MzV7rPqoeLhg==",
      "dependencies": {
        "@polymer/polymer": "^3.0.0",
        "@vaadin/component-base": "~23.5.1",
        "@vaadin/vaadin-lumo-styles": "~23.5.1",
        "@vaadin/vaadin-themable-mixin": "~23.5.1",
        "lit": "^2.0.0"
      }
    },
    "node_modules/@vaadin/icons": {
      "version": "23.5.1",
      "resolved": "https://registry.npmjs.org/@vaadin/icons/-/icons-23.5.1.tgz",
      "integrity": "sha512-hhOPV2fmyfBnzQfUVcBlEBrvC8ohSEcwsJw73LSdyshiAgG5WtjjXWYJoEEKVIWf/XAhO/2uzCNqjZicCkFgJg==",
      "dependencies": {
        "@polymer/iron-icon": "^3.0.0",
        "@polymer/iron-iconset-svg": "^3.0.0",
        "@polymer/polymer": "^3.0.0",
        "@vaadin/icon": "~23.5.1"
      }
    },
    "node_modules/@vaadin/input-container": {
      "version": "23.5.1",
      "resolved": "https://registry.npmjs.org/@vaadin/input-container/-/input-container-23.5.1.tgz",
      "integrity": "sha512-RsqPg5kj+VFlfWIQYaQllFrGPUTvT8l6fyQvBlcazPhEfiv9d3i2SYUUKmO5p563ToWbv+IHwMNSbnIK9tpw6Q==",
      "dependencies": {
        "@polymer/polymer": "^3.0.0",
        "@vaadin/component-base": "~23.5.1",
        "@vaadin/vaadin-lumo-styles": "~23.5.1",
        "@vaadin/vaadin-material-styles": "~23.5.1",
        "@vaadin/vaadin-themable-mixin": "~23.5.1"
      }
    },
    "node_modules/@vaadin/item": {
      "version": "23.5.1",
      "resolved": "https://registry.npmjs.org/@vaadin/item/-/item-23.5.1.tgz",
      "integrity": "sha512-HVsjRi9VUt2/+AuQlQjEp4wjIPyFG3CMtst8AQD8dAHp6ENxGwpBwueNG+sTVYk5LwCFKQ8wGjtmGK9tLc5cLA==",
      "dependencies": {
        "@open-wc/dedupe-mixin": "^1.3.0",
        "@polymer/polymer": "^3.0.0",
        "@vaadin/component-base": "~23.5.1",
        "@vaadin/vaadin-lumo-styles": "~23.5.1",
        "@vaadin/vaadin-material-styles": "~23.5.1",
        "@vaadin/vaadin-themable-mixin": "~23.5.1"
      }
    },
    "node_modules/@vaadin/list-box": {
      "version": "23.5.1",
      "resolved": "https://registry.npmjs.org/@vaadin/list-box/-/list-box-23.5.1.tgz",
      "integrity": "sha512-5L0+qZlpWTNU/cCYfDUTT8/fSEOOnc2cybTbBcTFoItZJ8eK0FYaU7UH+tJKrvbMB0SBuYERuyeAKRsTvV3QWQ==",
      "dependencies": {
        "@polymer/polymer": "^3.0.0",
        "@vaadin/component-base": "~23.5.1",
        "@vaadin/item": "~23.5.1",
        "@vaadin/vaadin-list-mixin": "~23.5.1",
        "@vaadin/vaadin-lumo-styles": "~23.5.1",
        "@vaadin/vaadin-material-styles": "~23.5.1",
        "@vaadin/vaadin-themable-mixin": "~23.5.1"
      }
    },
    "node_modules/@vaadin/lit-renderer": {
      "version": "23.5.1",
      "resolved": "https://registry.npmjs.org/@vaadin/lit-renderer/-/lit-renderer-23.5.1.tgz",
      "integrity": "sha512-4QsPy0v7y3uL749DNvVMLN0cF2HtUNpbuAMrdfsMUXP4mXV69kHTD79AAo20e1YFPuO5ROtJd8g6RSe3kok0hg==",
      "dependencies": {
        "lit": "^2.0.0"
      }
    },
    "node_modules/@vaadin/notification": {
      "version": "23.5.1",
      "resolved": "https://registry.npmjs.org/@vaadin/notification/-/notification-23.5.1.tgz",
      "integrity": "sha512-eMhHA9hI49qB60SIcEHplprRRXI6nlnkFNwzCE800klD8CThbkRBeOgG/6xMmD29s+tSldqYFqFpE305q5Jgsw==",
      "dependencies": {
        "@polymer/polymer": "^3.0.0",
        "@vaadin/component-base": "~23.5.1",
        "@vaadin/lit-renderer": "~23.5.1",
        "@vaadin/vaadin-lumo-styles": "~23.5.1",
        "@vaadin/vaadin-material-styles": "~23.5.1",
        "@vaadin/vaadin-themable-mixin": "~23.5.1",
        "lit": "^2.0.0"
      }
    },
    "node_modules/@vaadin/overlay": {
      "version": "23.5.1",
      "resolved": "https://registry.npmjs.org/@vaadin/overlay/-/overlay-23.5.1.tgz",
      "integrity": "sha512-4SivGc7GaT63prL7DZ+ZQHVRzxg5Oz52snxDV5wDvPx8DHY0uEEbsXVXiZNb//hrpxuzSkvBGtQDVBiVaB2NIg==",
      "dependencies": {
        "@open-wc/dedupe-mixin": "^1.3.0",
        "@polymer/polymer": "^3.0.0",
        "@vaadin/component-base": "~23.5.1",
        "@vaadin/vaadin-lumo-styles": "~23.5.1",
        "@vaadin/vaadin-material-styles": "~23.5.1",
        "@vaadin/vaadin-themable-mixin": "~23.5.1"
      }
    },
    "node_modules/@vaadin/password-field": {
      "version": "23.5.1",
      "resolved": "https://registry.npmjs.org/@vaadin/password-field/-/password-field-23.5.1.tgz",
      "integrity": "sha512-2kDxoXb5EtdXf2s6Kav3tOZYyOJHsBL6k9xmAMkYA+kDG6dJC0zaU2H8zG7uDcz7pXTzX+lkp8Sio0pv/+84GA==",
      "dependencies": {
        "@polymer/polymer": "^3.0.0",
        "@vaadin/button": "~23.5.1",
        "@vaadin/component-base": "~23.5.1",
        "@vaadin/text-field": "~23.5.1",
        "@vaadin/vaadin-lumo-styles": "~23.5.1",
        "@vaadin/vaadin-material-styles": "~23.5.1",
        "@vaadin/vaadin-themable-mixin": "~23.5.1"
      }
    },
    "node_modules/@vaadin/select": {
      "version": "23.5.1",
      "resolved": "https://registry.npmjs.org/@vaadin/select/-/select-23.5.1.tgz",
      "integrity": "sha512-JYQ7bi84gMTBJ+546ugrclqj5495bjtuGGsFtgbXWCQ9KJFNi3Ra7m32amN9DqMtqmWrdUZ/1T+nFecG4qi2rw==",
      "dependencies": {
        "@polymer/polymer": "^3.2.0",
        "@vaadin/button": "~23.5.1",
        "@vaadin/component-base": "~23.5.1",
        "@vaadin/field-base": "~23.5.1",
        "@vaadin/input-container": "~23.5.1",
        "@vaadin/item": "~23.5.1",
        "@vaadin/list-box": "~23.5.1",
        "@vaadin/lit-renderer": "~23.5.1",
        "@vaadin/overlay": "~23.5.1",
        "@vaadin/vaadin-list-mixin": "~23.5.1",
        "@vaadin/vaadin-lumo-styles": "~23.5.1",
        "@vaadin/vaadin-material-styles": "~23.5.1",
        "@vaadin/vaadin-themable-mixin": "~23.5.1"
      }
    },
    "node_modules/@vaadin/split-layout": {
      "version": "23.5.1",
      "resolved": "https://registry.npmjs.org/@vaadin/split-layout/-/split-layout-23.5.1.tgz",
      "integrity": "sha512-qvv47f97QBiY/soFWo2txpNCxTJoI4l0t7eQGs7tZBNUzss5ZHJdLzBXAqC5z2e1UsVb5VClG37ribd9T1GUeA==",
      "dependencies": {
        "@polymer/polymer": "^3.0.0",
        "@vaadin/component-base": "~23.5.1",
        "@vaadin/vaadin-lumo-styles": "~23.5.1",
        "@vaadin/vaadin-material-styles": "~23.5.1",
        "@vaadin/vaadin-themable-mixin": "~23.5.1"
      }
    },
    "node_modules/@vaadin/text-field": {
      "version": "23.5.1",
      "resolved": "https://registry.npmjs.org/@vaadin/text-field/-/text-field-23.5.1.tgz",
      "integrity": "sha512-TQrhm1aMo2+/aLASAjP0/nOOFNbwcLMpxGUnVjRoQ/jOTTl1yRhR+GMLdNyUc7V6nTzVqCB2f4fqMdjUbEarJQ==",
      "dependencies": {
        "@polymer/polymer": "^3.0.0",
        "@vaadin/component-base": "~23.5.1",
        "@vaadin/field-base": "~23.5.1",
        "@vaadin/input-container": "~23.5.1",
        "@vaadin/vaadin-lumo-styles": "~23.5.1",
        "@vaadin/vaadin-material-styles": "~23.5.1",
        "@vaadin/vaadin-themable-mixin": "~23.5.1"
      }
    },
    "node_modules/@vaadin/vaadin-development-mode-detector": {
      "version": "2.0.7",
      "resolved": "https://registry.npmjs.org/@vaadin/vaadin-development-mode-detector/-/vaadin-development-mode-detector-2.0.7.tgz",
      "integrity": "sha512-9FhVhr0ynSR3X2ao+vaIEttcNU5XfzCbxtmYOV8uIRnUCtNgbvMOIcyGBvntsX9I5kvIP2dV3cFAOG9SILJzEA=="
    },
    "node_modules/@vaadin/vaadin-list-mixin": {
      "version": "23.5.1",
      "resolved": "https://registry.npmjs.org/@vaadin/vaadin-list-mixin/-/vaadin-list-mixin-23.5.1.tgz",
      "integrity": "sha512-Pt/msNMV1KgVeaMVdISF1ggTDpXNtlRTMQya5yXVdvpR19ZjJAa0Ys/cr1RHAW5CHRVRZofwe11Y6KxNYLRgcQ==",
      "dependencies": {
        "@open-wc/dedupe-mixin": "^1.3.0",
        "@polymer/polymer": "^3.0.0",
        "@vaadin/component-base": "~23.5.1"
      }
    },
    "node_modules/@vaadin/vaadin-lumo-styles": {
      "version": "23.5.1",
      "resolved": "https://registry.npmjs.org/@vaadin/vaadin-lumo-styles/-/vaadin-lumo-styles-23.5.1.tgz",
      "integrity": "sha512-dQrQd++qcHNThjV+zeA9E/96eAuD7gKJOy3fwfeCWmw11dWCcunK5+r4CfFg9Hpv46urDIFd1VwRRrsZHA/Uug==",
      "dependencies": {
        "@polymer/iron-icon": "^3.0.0",
        "@polymer/iron-iconset-svg": "^3.0.0",
        "@polymer/polymer": "^3.0.0",
        "@vaadin/icon": "~23.5.1",
        "@vaadin/vaadin-themable-mixin": "~23.5.1"
      }
    },
    "node_modules/@vaadin/vaadin-material-styles": {
      "version": "23.5.1",
      "resolved": "https://registry.npmjs.org/@vaadin/vaadin-material-styles/-/vaadin-material-styles-23.5.1.tgz",
      "integrity": "sha512-39Yp3DGZifmNXvqjsWjZXlxC+G+BsODvNCjUaegxKsnDNkl6BrU2i7URtT+9mDLikV+ErLBArJKkxr0/f6oqOQ==",
      "dependencies": {
        "@polymer/polymer": "^3.0.0",
        "@vaadin/vaadin-themable-mixin": "~23.5.1"
      }
    },
    "node_modules/@vaadin/vaadin-themable-mixin": {
      "version": "23.5.1",
      "resolved": "https://registry.npmjs.org/@vaadin/vaadin-themable-mixin/-/vaadin-themable-mixin-23.5.1.tgz",
      "integrity": "sha512-PVP4a6TNTdRLoiUxZcXYRTDc3l+sPIfOEFWfxpQ+9Bf2qLdZxDJA2dsCeMRaPOV9j3Y8A1/+rglJs8yHznnmQg==",
      "dependencies": {
        "@open-wc/dedupe-mixin": "^1.3.0",
        "lit": "^2.0.0"
      }
    },
    "node_modules/@vaadin/vaadin-usage-statistics": {
      "version": "2.1.2",
      "resolved": "https://registry.npmjs.org/@vaadin/vaadin-usage-statistics/-/vaadin-usage-statistics-2.1.2.tgz",
      "integrity": "sha512-xKs1PvRfTXsG0eWWcImLXWjv7D+f1vfoIvovppv6pZ5QX8xgcxWUdNgERlOOdGt3CTuxQXukTBW3+Qfva+OXSg==",
      "hasInstallScript": true,
      "dependencies": {
        "@vaadin/vaadin-development-mode-detector": "^2.0.0"
      },
      "engines": {
        "node": "^12.20.0 || ^14.13.1 || >=16.0.0"
      }
    },
    "node_modules/@vaadin/vertical-layout": {
      "version": "23.5.1",
      "resolved": "https://registry.npmjs.org/@vaadin/vertical-layout/-/vertical-layout-23.5.1.tgz",
      "integrity": "sha512-88s4Uofm7kW27UoML4wwsmRk+Btz2DvpvCl75ZKSSJ0aVwTp+QIegTJwsD6YOR1anAoNM+xFDN4/AP3W1/JKcA==",
      "dependencies": {
        "@polymer/polymer": "^3.0.0",
        "@vaadin/component-base": "~23.5.1",
        "@vaadin/vaadin-lumo-styles": "~23.5.1",
        "@vaadin/vaadin-material-styles": "~23.5.1",
        "@vaadin/vaadin-themable-mixin": "~23.5.1"
      }
    },
    "node_modules/@webcomponents/shadycss": {
      "version": "1.11.2",
      "resolved": "https://registry.npmjs.org/@webcomponents/shadycss/-/shadycss-1.11.2.tgz",
      "integrity": "sha512-vRq+GniJAYSBmTRnhCYPAPq6THYqovJ/gzGThWbgEZUQaBccndGTi1hdiUP15HzEco0I6t4RCtXyX0rsSmwgPw=="
    },
    "node_modules/esbuild": {
      "version": "0.18.20",
      "resolved": "https://registry.npmjs.org/esbuild/-/esbuild-0.18.20.tgz",
      "integrity": "sha512-ceqxoedUrcayh7Y7ZX6NdbbDzGROiyVBgC4PriJThBKSVPWnnFHZAkfI1lJT8QFkOwH4qOS2SJkS4wvpGl8BpA==",
      "dev": true,
      "hasInstallScript": true,
      "bin": {
        "esbuild": "bin/esbuild"
      },
      "engines": {
        "node": ">=12"
      },
      "optionalDependencies": {
        "@esbuild/android-arm": "0.18.20",
        "@esbuild/android-arm64": "0.18.20",
        "@esbuild/android-x64": "0.18.20",
        "@esbuild/darwin-arm64": "0.18.20",
        "@esbuild/darwin-x64": "0.18.20",
        "@esbuild/freebsd-arm64": "0.18.20",
        "@esbuild/freebsd-x64": "0.18.20",
        "@esbuild/linux-arm": "0.18.20",
        "@esbuild/linux-arm64": "0.18.20",
        "@esbuild/linux-ia32": "0.18.20",
        "@esbuild/linux-loong64": "0.18.20",
        "@esbuild/linux-mips64el": "0.18.20",
        "@esbuild/linux-ppc64": "0.18.20",
        "@esbuild/linux-riscv64": "0.18.20",
        "@esbuild/linux-s390x": "0.18.20",
        "@esbuild/linux-x64": "0.18.20",
        "@esbuild/netbsd-x64": "0.18.20",
        "@esbuild/openbsd-x64": "0.18.20",
        "@esbuild/sunos-x64": "0.18.20",
        "@esbuild/win32-arm64": "0.18.20",
        "@esbuild/win32-ia32": "0.18.20",
        "@esbuild/win32-x64": "0.18.20"
      }
    },
    "node_modules/fsevents": {
      "version": "2.3.3",
      "resolved": "https://registry.npmjs.org/fsevents/-/fsevents-2.3.3.tgz",
      "integrity": "sha512-5xoDfX+fL7faATnagmWPpbFtwh/R77WmMMqqHGS65C3vvB0YHrgF+B1YmZ3441tMj5n63k0212XNoJwzlhffQw==",
      "dev": true,
      "hasInstallScript": true,
      "optional": true,
      "os": [
        "darwin"
      ],
      "engines": {
        "node": "^8.16.0 || ^10.6.0 || >=11.0.0"
      }
    },
    "node_modules/lit": {
      "version": "2.8.0",
      "resolved": "https://registry.npmjs.org/lit/-/lit-2.8.0.tgz",
      "integrity": "sha512-4Sc3OFX9QHOJaHbmTMk28SYgVxLN3ePDjg7hofEft2zWlehFL3LiAuapWc4U/kYwMYJSh2hTCPZ6/LIC7ii0MA==",
      "dependencies": {
        "@lit/reactive-element": "^1.6.0",
        "lit-element": "^3.3.0",
        "lit-html": "^2.8.0"
      }
    },
    "node_modules/lit-element": {
      "version": "3.3.3",
      "resolved": "https://registry.npmjs.org/lit-element/-/lit-element-3.3.3.tgz",
      "integrity": "sha512-XbeRxmTHubXENkV4h8RIPyr8lXc+Ff28rkcQzw3G6up2xg5E8Zu1IgOWIwBLEQsu3cOVFqdYwiVi0hv0SlpqUA==",
      "dependencies": {
        "@lit-labs/ssr-dom-shim": "^1.1.0",
        "@lit/reactive-element": "^1.3.0",
        "lit-html": "^2.8.0"
      }
    },
    "node_modules/lit-html": {
      "version": "2.8.0",
      "resolved": "https://registry.npmjs.org/lit-html/-/lit-html-2.8.0.tgz",
      "integrity": "sha512-o9t+MQM3P4y7M7yNzqAyjp7z+mQGa4NS4CxiyLqFPyFWyc4O+nodLrkrxSaCTrla6M5YOLaT3RpbbqjszB5g3Q==",
      "dependencies": {
        "@types/trusted-types": "^2.0.2"
      }
    },
    "node_modules/mobx": {
      "version": "6.12.3",
      "resolved": "https://registry.npmjs.org/mobx/-/mobx-6.12.3.tgz",
      "integrity": "sha512-c8NKkO4R2lShkSXZ2Ongj1ycjugjzFFo/UswHBnS62y07DMcTc9Rvo03/3nRyszIvwPNljlkd4S828zIBv/piw==",
      "funding": {
        "type": "opencollective",
        "url": "https://opencollective.com/mobx"
      }
    },
    "node_modules/nanoid": {
      "version": "3.3.7",
      "resolved": "https://registry.npmjs.org/nanoid/-/nanoid-3.3.7.tgz",
      "integrity": "sha512-eSRppjcPIatRIMC1U6UngP8XFcz8MQWGQdt1MTBQ7NaAmvXDfvNxbvWV3x2y6CdEUciCSsDHDQZbhYaB8QEo2g==",
      "dev": true,
      "funding": [
        {
          "type": "github",
          "url": "https://github.com/sponsors/ai"
        }
      ],
      "bin": {
        "nanoid": "bin/nanoid.cjs"
      },
      "engines": {
        "node": "^10 || ^12 || ^13.7 || ^14 || >=15.0.1"
      }
    },
    "node_modules/picocolors": {
      "version": "1.0.1",
      "resolved": "https://registry.npmjs.org/picocolors/-/picocolors-1.0.1.tgz",
      "integrity": "sha512-anP1Z8qwhkbmu7MFP5iTt+wQKXgwzf7zTyGlcdzabySa9vd0Xt392U0rVmz9poOaBj0uHJKyyo9/upk0HrEQew==",
      "dev": true
    },
    "node_modules/postcss": {
      "version": "8.4.38",
      "resolved": "https://registry.npmjs.org/postcss/-/postcss-8.4.38.tgz",
      "integrity": "sha512-Wglpdk03BSfXkHoQa3b/oulrotAkwrlLDRSOb9D0bN86FdRyE9lppSp33aHNPgBa0JKCoB+drFLZkQoRRYae5A==",
      "dev": true,
      "funding": [
        {
          "type": "opencollective",
          "url": "https://opencollective.com/postcss/"
        },
        {
          "type": "tidelift",
          "url": "https://tidelift.com/funding/github/npm/postcss"
        },
        {
          "type": "github",
          "url": "https://github.com/sponsors/ai"
        }
      ],
      "dependencies": {
        "nanoid": "^3.3.7",
        "picocolors": "^1.0.0",
        "source-map-js": "^1.2.0"
      },
      "engines": {
        "node": "^10 || ^12 || >=14"
      }
    },
    "node_modules/pretty-bytes": {
      "version": "6.1.1",
      "resolved": "https://registry.npmjs.org/pretty-bytes/-/pretty-bytes-6.1.1.tgz",
      "integrity": "sha512-mQUvGU6aUFQ+rNvTIAcZuWGRT9a6f6Yrg9bHs4ImKF+HZCEK+plBvnAZYSIQztknZF2qnzNtr6F8s0+IuptdlQ==",
      "engines": {
        "node": "^14.13.1 || >=16.0.0"
      },
      "funding": {
        "url": "https://github.com/sponsors/sindresorhus"
      }
    },
    "node_modules/rollup": {
      "version": "3.29.4",
      "resolved": "https://registry.npmjs.org/rollup/-/rollup-3.29.4.tgz",
      "integrity": "sha512-oWzmBZwvYrU0iJHtDmhsm662rC15FRXmcjCk1xD771dFDx5jJ02ufAQQTn0etB2emNk4J9EZg/yWKpsn9BWGRw==",
      "dev": true,
      "bin": {
        "rollup": "dist/bin/rollup"
      },
      "engines": {
        "node": ">=14.18.0",
        "npm": ">=8.0.0"
      },
      "optionalDependencies": {
        "fsevents": "~2.3.2"
      }
    },
    "node_modules/source-map-js": {
      "version": "1.2.0",
      "resolved": "https://registry.npmjs.org/source-map-js/-/source-map-js-1.2.0.tgz",
      "integrity": "sha512-itJW8lvSA0TXEphiRoawsCksnlf8SyvmFzIhltqAHluXd88pkCd+cXJVHTDwdCr0IzwptSm035IHQktUu1QUMg==",
      "dev": true,
      "engines": {
        "node": ">=0.10.0"
      }
    },
    "node_modules/typescript": {
      "version": "5.4.5",
      "resolved": "https://registry.npmjs.org/typescript/-/typescript-5.4.5.tgz",
      "integrity": "sha512-vcI4UpRgg81oIRUFwR0WSIHKt11nJ7SAVlYNIu+QpqeyXP+gpQJy/Z4+F0aGxSE4MqwjyXvW/TzgkLAx2AGHwQ==",
      "dev": true,
      "bin": {
        "tsc": "bin/tsc",
        "tsserver": "bin/tsserver"
      },
      "engines": {
        "node": ">=14.17"
      }
    },
    "node_modules/undici-types": {
      "version": "5.26.5",
      "resolved": "https://registry.npmjs.org/undici-types/-/undici-types-5.26.5.tgz",
      "integrity": "sha512-JlCMO+ehdEIKqlFxk6IfVoAUVmgz7cU7zD/h9XZ0qzeosSHmUJVOzSQvvYSYWXkFXC+IfLKSIffhv0sVZup6pA==",
      "dev": true
    },
    "node_modules/vite": {
      "version": "4.5.3",
      "resolved": "https://registry.npmjs.org/vite/-/vite-4.5.3.tgz",
      "integrity": "sha512-kQL23kMeX92v3ph7IauVkXkikdDRsYMGTVl5KY2E9OY4ONLvkHf04MDTbnfo6NKxZiDLWzVpP5oTa8hQD8U3dg==",
      "dev": true,
      "dependencies": {
        "esbuild": "^0.18.10",
        "postcss": "^8.4.27",
        "rollup": "^3.27.1"
      },
      "bin": {
        "vite": "bin/vite.js"
      },
      "engines": {
        "node": "^14.18.0 || >=16.0.0"
      },
      "funding": {
        "url": "https://github.com/vitejs/vite?sponsor=1"
      },
      "optionalDependencies": {
        "fsevents": "~2.3.2"
      },
      "peerDependencies": {
        "@types/node": ">= 14",
        "less": "*",
        "lightningcss": "^1.21.0",
        "sass": "*",
        "stylus": "*",
        "sugarss": "*",
        "terser": "^5.4.0"
      },
      "peerDependenciesMeta": {
        "@types/node": {
          "optional": true
        },
        "less": {
          "optional": true
        },
        "lightningcss": {
          "optional": true
        },
        "sass": {
          "optional": true
        },
        "stylus": {
          "optional": true
        },
        "sugarss": {
          "optional": true
        },
        "terser": {
          "optional": true
        }
      }
    }
  }
}
